PODS:
  - FingerprintJS (1.5.0):
    - FingerprintJS/Core (= 1.5.0)
  - FingerprintJS/Core (1.5.0):
    - FingerprintJS/SystemControl
  - FingerprintJS/SystemControl (1.5.0)

DEPENDENCIES:
  - FingerprintJS (~> 1.5)

SPEC REPOS:
  trunk:
    - FingerprintJS

SPEC CHECKSUMS:
  FingerprintJS: 96410117a394cca04d0f1e2374944c8697f2cceb

PODFILE CHECKSUM: e711991b69c78b606d26a268b0e7878603d8626e

COCOAPODS: 1.15.2
