// !$*UTF8*$!
{
	archiveVersion = 1;
	classes = {
	};
	objectVersion = 55;
	objects = {

/* Begin PBXBuildFile section */
		28CE603AFFFFFC5D7EB07D15 /* Pods_DemoApp.framework in Frameworks */ = {isa = PBXBuildFile; fileRef = 7AE7E8487643C0EF41FDB2D5 /* Pods_DemoApp.framework */; };
		6A82A1C127DB71A2007C023F /* DemoApp.swift in Sources */ = {isa = PBXBuildFile; fileRef = 6A82A1C027DB71A2007C023F /* DemoApp.swift */; };
		6A82A1C527DB71A3007C023F /* Assets.xcassets in Resources */ = {isa = PBXBuildFile; fileRef = 6A82A1C427DB71A3007C023F /* Assets.xcassets */; };
		6A82A1CF27DB72F6007C023F /* CollapsibleCard.swift in Sources */ = {isa = PBXBuildFile; fileRef = 6A82A1CE27DB72F6007C023F /* CollapsibleCard.swift */; };
		6AAFE32127E7C2340052941A /* InfoTreeView.swift in Sources */ = {isa = PBXBuildFile; fileRef = 6AAFE32027E7C2340052941A /* InfoTreeView.swift */; };
		6AB3F90F283D048500FF0F03 /* PrivacyPolicyView.swift in Sources */ = {isa = PBXBuildFile; fileRef = 6AB3F90E283D048500FF0F03 /* PrivacyPolicyView.swift */; };
		6AB3F911283D0EE400FF0F03 /* WebView.swift in Sources */ = {isa = PBXBuildFile; fileRef = 6AB3F910283D0EE400FF0F03 /* WebView.swift */; };
		6AB7145B27EA18A7004BBCF3 /* FingerprintGeneratorViewModel.swift in Sources */ = {isa = PBXBuildFile; fileRef = 6AB7145927EA18A7004BBCF3 /* FingerprintGeneratorViewModel.swift */; };
		6AB7145C27EA18A7004BBCF3 /* FingerprintGeneratorView.swift in Sources */ = {isa = PBXBuildFile; fileRef = 6AB7145A27EA18A7004BBCF3 /* FingerprintGeneratorView.swift */; };
		6AB7145F27EA1F85004BBCF3 /* FingerprintView.swift in Sources */ = {isa = PBXBuildFile; fileRef = 6AB7145E27EA1F85004BBCF3 /* FingerprintView.swift */; };
		6AB7146727EBBA3E004BBCF3 /* Launch.storyboard in Resources */ = {isa = PBXBuildFile; fileRef = 6AB7146627EBBA3E004BBCF3 /* Launch.storyboard */; };
		6AC03F4927DE509B00EF9DB7 /* FingerprintDetailView.swift in Sources */ = {isa = PBXBuildFile; fileRef = 6AC03F4827DE509B00EF9DB7 /* FingerprintDetailView.swift */; };
		6AC03F5027DF2DCC00EF9DB7 /* DeviceInfoItemView.swift in Sources */ = {isa = PBXBuildFile; fileRef = 6AC03F4F27DF2DCC00EF9DB7 /* DeviceInfoItemView.swift */; };
/* End PBXBuildFile section */

/* Begin PBXFileReference section */
		5AAA3DFCDA9325C2C1163E70 /* Pods-DemoApp.debug.xcconfig */ = {isa = PBXFileReference; includeInIndex = 1; lastKnownFileType = text.xcconfig; name = "Pods-DemoApp.debug.xcconfig"; path = "Target Support Files/Pods-DemoApp/Pods-DemoApp.debug.xcconfig"; sourceTree = "<group>"; };
		6A7D016027F329950037E190 /* FingerprintJS.framework */ = {isa = PBXFileReference; explicitFileType = wrapper.framework; path = FingerprintJS.framework; sourceTree = BUILT_PRODUCTS_DIR; };
		6A82A1BD27DB71A2007C023F /* DemoApp.app */ = {isa = PBXFileReference; explicitFileType = wrapper.application; includeInIndex = 0; path = DemoApp.app; sourceTree = BUILT_PRODUCTS_DIR; };
		6A82A1C027DB71A2007C023F /* DemoApp.swift */ = {isa = PBXFileReference; lastKnownFileType = sourcecode.swift; path = DemoApp.swift; sourceTree = "<group>"; };
		6A82A1C427DB71A3007C023F /* Assets.xcassets */ = {isa = PBXFileReference; lastKnownFileType = folder.assetcatalog; path = Assets.xcassets; sourceTree = "<group>"; };
		6A82A1CE27DB72F6007C023F /* CollapsibleCard.swift */ = {isa = PBXFileReference; lastKnownFileType = sourcecode.swift; path = CollapsibleCard.swift; sourceTree = "<group>"; };
		6AAFE32027E7C2340052941A /* InfoTreeView.swift */ = {isa = PBXFileReference; lastKnownFileType = sourcecode.swift; path = InfoTreeView.swift; sourceTree = "<group>"; };
		6AB3F90E283D048500FF0F03 /* PrivacyPolicyView.swift */ = {isa = PBXFileReference; lastKnownFileType = sourcecode.swift; path = PrivacyPolicyView.swift; sourceTree = "<group>"; };
		6AB3F910283D0EE400FF0F03 /* WebView.swift */ = {isa = PBXFileReference; lastKnownFileType = sourcecode.swift; path = WebView.swift; sourceTree = "<group>"; };
		6AB7145927EA18A7004BBCF3 /* FingerprintGeneratorViewModel.swift */ = {isa = PBXFileReference; fileEncoding = 4; lastKnownFileType = sourcecode.swift; name = FingerprintGeneratorViewModel.swift; path = DemoApp/FingeprintGenerator/FingerprintGeneratorViewModel.swift; sourceTree = SOURCE_ROOT; };
		6AB7145A27EA18A7004BBCF3 /* FingerprintGeneratorView.swift */ = {isa = PBXFileReference; fileEncoding = 4; lastKnownFileType = sourcecode.swift; name = FingerprintGeneratorView.swift; path = DemoApp/FingeprintGenerator/FingerprintGeneratorView.swift; sourceTree = SOURCE_ROOT; };
		6AB7145E27EA1F85004BBCF3 /* FingerprintView.swift */ = {isa = PBXFileReference; lastKnownFileType = sourcecode.swift; name = FingerprintView.swift; path = DemoApp/FingeprintGenerator/FingerprintView.swift; sourceTree = SOURCE_ROOT; };
		6AB7146527EB8876004BBCF3 /* Info.plist */ = {isa = PBXFileReference; lastKnownFileType = text.plist; path = Info.plist; sourceTree = "<group>"; };
		6AB7146627EBBA3E004BBCF3 /* Launch.storyboard */ = {isa = PBXFileReference; lastKnownFileType = file.storyboard; path = Launch.storyboard; sourceTree = "<group>"; };
		6AC03F4827DE509B00EF9DB7 /* FingerprintDetailView.swift */ = {isa = PBXFileReference; lastKnownFileType = sourcecode.swift; path = FingerprintDetailView.swift; sourceTree = "<group>"; };
		6AC03F4D27DE7FC700EF9DB7 /* FingerprintKit.framework */ = {isa = PBXFileReference; explicitFileType = wrapper.framework; path = FingerprintKit.framework; sourceTree = BUILT_PRODUCTS_DIR; };
		6AC03F4F27DF2DCC00EF9DB7 /* DeviceInfoItemView.swift */ = {isa = PBXFileReference; lastKnownFileType = sourcecode.swift; path = DeviceInfoItemView.swift; sourceTree = "<group>"; };
		7AE7E8487643C0EF41FDB2D5 /* Pods_DemoApp.framework */ = {isa = PBXFileReference; explicitFileType = wrapper.framework; includeInIndex = 0; path = Pods_DemoApp.framework; sourceTree = BUILT_PRODUCTS_DIR; };
		D20F7CDCD8D7D0470AE07A88 /* Pods-DemoApp.release.xcconfig */ = {isa = PBXFileReference; includeInIndex = 1; lastKnownFileType = text.xcconfig; name = "Pods-DemoApp.release.xcconfig"; path = "Target Support Files/Pods-DemoApp/Pods-DemoApp.release.xcconfig"; sourceTree = "<group>"; };
/* End PBXFileReference section */

/* Begin PBXFrameworksBuildPhase section */
		6A82A1BA27DB71A2007C023F /* Frameworks */ = {
			isa = PBXFrameworksBuildPhase;
			buildActionMask = 2147483647;
			files = (
				28CE603AFFFFFC5D7EB07D15 /* Pods_DemoApp.framework in Frameworks */,
			);
			runOnlyForDeploymentPostprocessing = 0;
		};
/* End PBXFrameworksBuildPhase section */

/* Begin PBXGroup section */
		6A82A1B427DB71A2007C023F = {
			isa = PBXGroup;
			children = (
				6A82A1BF27DB71A2007C023F /* DemoApp */,
				6A82A1BE27DB71A2007C023F /* Products */,
				6AC03F4C27DE7FC700EF9DB7 /* Frameworks */,
				AA65AD507DDAF01FD5DD690B /* Pods */,
			);
			sourceTree = "<group>";
		};
		6A82A1BE27DB71A2007C023F /* Products */ = {
			isa = PBXGroup;
			children = (
				6A82A1BD27DB71A2007C023F /* DemoApp.app */,
			);
			name = Products;
			sourceTree = "<group>";
		};
		6A82A1BF27DB71A2007C023F /* DemoApp */ = {
			isa = PBXGroup;
			children = (
				6AB7146527EB8876004BBCF3 /* Info.plist */,
				6A82A1C027DB71A2007C023F /* DemoApp.swift */,
				6AB7146627EBBA3E004BBCF3 /* Launch.storyboard */,
				6A82A1C427DB71A3007C023F /* Assets.xcassets */,
				6AB3F90D283D047100FF0F03 /* PrivacyPolicy */,
				6AB7145827EA1888004BBCF3 /* FingerprintGenerator */,
				6AC03F5227DF2F2700EF9DB7 /* CollapsibleCard */,
				6AC03F5127DF2EFF00EF9DB7 /* FingerprintDetail */,
			);
			path = DemoApp;
			sourceTree = "<group>";
		};
		6AB3F90D283D047100FF0F03 /* PrivacyPolicy */ = {
			isa = PBXGroup;
			children = (
				6AB3F90E283D048500FF0F03 /* PrivacyPolicyView.swift */,
				6AB3F910283D0EE400FF0F03 /* WebView.swift */,
			);
			path = PrivacyPolicy;
			sourceTree = "<group>";
		};
		6AB7145827EA1888004BBCF3 /* FingerprintGenerator */ = {
			isa = PBXGroup;
			children = (
				6AB7145A27EA18A7004BBCF3 /* FingerprintGeneratorView.swift */,
				6AB7145927EA18A7004BBCF3 /* FingerprintGeneratorViewModel.swift */,
				6AB7145E27EA1F85004BBCF3 /* FingerprintView.swift */,
			);
			name = FingerprintGenerator;
			path = FingeprintGenerator;
			sourceTree = "<group>";
		};
		6AC03F4C27DE7FC700EF9DB7 /* Frameworks */ = {
			isa = PBXGroup;
			children = (
				6A7D016027F329950037E190 /* FingerprintJS.framework */,
				6AC03F4D27DE7FC700EF9DB7 /* FingerprintKit.framework */,
				7AE7E8487643C0EF41FDB2D5 /* Pods_DemoApp.framework */,
			);
			name = Frameworks;
			sourceTree = "<group>";
		};
		6AC03F5127DF2EFF00EF9DB7 /* FingerprintDetail */ = {
			isa = PBXGroup;
			children = (
				6AC03F4827DE509B00EF9DB7 /* FingerprintDetailView.swift */,
				6AC03F4F27DF2DCC00EF9DB7 /* DeviceInfoItemView.swift */,
				6AAFE32027E7C2340052941A /* InfoTreeView.swift */,
			);
			path = FingerprintDetail;
			sourceTree = "<group>";
		};
		6AC03F5227DF2F2700EF9DB7 /* CollapsibleCard */ = {
			isa = PBXGroup;
			children = (
				6A82A1CE27DB72F6007C023F /* CollapsibleCard.swift */,
			);
			path = CollapsibleCard;
			sourceTree = "<group>";
		};
		AA65AD507DDAF01FD5DD690B /* Pods */ = {
			isa = PBXGroup;
			children = (
				5AAA3DFCDA9325C2C1163E70 /* Pods-DemoApp.debug.xcconfig */,
				D20F7CDCD8D7D0470AE07A88 /* Pods-DemoApp.release.xcconfig */,
			);
			path = Pods;
			sourceTree = "<group>";
		};
/* End PBXGroup section */

/* Begin PBXNativeTarget section */
		6A82A1BC27DB71A2007C023F /* DemoApp */ = {
			isa = PBXNativeTarget;
			buildConfigurationList = 6A82A1CB27DB71A3007C023F /* Build configuration list for PBXNativeTarget "DemoApp" */;
			buildPhases = (
				6DD8999B9BA68ABC4C7785D5 /* [CP] Check Pods Manifest.lock */,
				6A82A1B927DB71A2007C023F /* Sources */,
				6A82A1BA27DB71A2007C023F /* Frameworks */,
				6A82A1BB27DB71A2007C023F /* Resources */,
				DDF3B46114FD4997AA2F5F10 /* [CP] Embed Pods Frameworks */,
			);
			buildRules = (
			);
			dependencies = (
			);
			name = DemoApp;
			productName = DemoApp;
			productReference = 6A82A1BD27DB71A2007C023F /* DemoApp.app */;
			productType = "com.apple.product-type.application";
		};
/* End PBXNativeTarget section */

/* Begin PBXProject section */
		6A82A1B527DB71A2007C023F /* Project object */ = {
			isa = PBXProject;
			attributes = {
				BuildIndependentTargetsInParallel = 1;
				LastSwiftUpdateCheck = 1330;
				LastUpgradeCheck = 1600;
				TargetAttributes = {
					6A82A1BC27DB71A2007C023F = {
						CreatedOnToolsVersion = 13.2.1;
					};
				};
			};
			buildConfigurationList = 6A82A1B827DB71A2007C023F /* Build configuration list for PBXProject "DemoApp" */;
			compatibilityVersion = "Xcode 13.0";
			developmentRegion = en;
			hasScannedForEncodings = 0;
			knownRegions = (
				en,
				Base,
			);
			mainGroup = 6A82A1B427DB71A2007C023F;
			productRefGroup = 6A82A1BE27DB71A2007C023F /* Products */;
			projectDirPath = "";
			projectRoot = "";
			targets = (
				6A82A1BC27DB71A2007C023F /* DemoApp */,
			);
		};
/* End PBXProject section */

/* Begin PBXResourcesBuildPhase section */
		6A82A1BB27DB71A2007C023F /* Resources */ = {
			isa = PBXResourcesBuildPhase;
			buildActionMask = 2147483647;
			files = (
				6A82A1C527DB71A3007C023F /* Assets.xcassets in Resources */,
				6AB7146727EBBA3E004BBCF3 /* Launch.storyboard in Resources */,
			);
			runOnlyForDeploymentPostprocessing = 0;
		};
/* End PBXResourcesBuildPhase section */

/* Begin PBXShellScriptBuildPhase section */
		6DD8999B9BA68ABC4C7785D5 /* [CP] Check Pods Manifest.lock */ = {
			isa = PBXShellScriptBuildPhase;
			buildActionMask = 2147483647;
			files = (
			);
			inputFileListPaths = (
			);
			inputPaths = (
				"${PODS_PODFILE_DIR_PATH}/Podfile.lock",
				"${PODS_ROOT}/Manifest.lock",
			);
			name = "[CP] Check Pods Manifest.lock";
			outputFileListPaths = (
			);
			outputPaths = (
				"$(DERIVED_FILE_DIR)/Pods-DemoApp-checkManifestLockResult.txt",
			);
			runOnlyForDeploymentPostprocessing = 0;
			shellPath = /bin/sh;
			shellScript = "diff \"${PODS_PODFILE_DIR_PATH}/Podfile.lock\" \"${PODS_ROOT}/Manifest.lock\" > /dev/null\nif [ $? != 0 ] ; then\n    # print error to STDERR\n    echo \"error: The sandbox is not in sync with the Podfile.lock. Run 'pod install' or update your CocoaPods installation.\" >&2\n    exit 1\nfi\n# This output is used by Xcode 'outputs' to avoid re-running this script phase.\necho \"SUCCESS\" > \"${SCRIPT_OUTPUT_FILE_0}\"\n";
			showEnvVarsInLog = 0;
		};
		DDF3B46114FD4997AA2F5F10 /* [CP] Embed Pods Frameworks */ = {
			isa = PBXShellScriptBuildPhase;
			buildActionMask = 2147483647;
			files = (
			);
			inputFileListPaths = (
				"${PODS_ROOT}/Target Support Files/Pods-DemoApp/Pods-DemoApp-frameworks-${CONFIGURATION}-input-files.xcfilelist",
			);
			name = "[CP] Embed Pods Frameworks";
			outputFileListPaths = (
				"${PODS_ROOT}/Target Support Files/Pods-DemoApp/Pods-DemoApp-frameworks-${CONFIGURATION}-output-files.xcfilelist",
			);
			runOnlyForDeploymentPostprocessing = 0;
			shellPath = /bin/sh;
			shellScript = "\"${PODS_ROOT}/Target Support Files/Pods-DemoApp/Pods-DemoApp-frameworks.sh\"\n";
			showEnvVarsInLog = 0;
		};
/* End PBXShellScriptBuildPhase section */

/* Begin PBXSourcesBuildPhase section */
		6A82A1B927DB71A2007C023F /* Sources */ = {
			isa = PBXSourcesBuildPhase;
			buildActionMask = 2147483647;
			files = (
				6AAFE32127E7C2340052941A /* InfoTreeView.swift in Sources */,
				6AB3F911283D0EE400FF0F03 /* WebView.swift in Sources */,
				6AB7145B27EA18A7004BBCF3 /* FingerprintGeneratorViewModel.swift in Sources */,
				6AB7145F27EA1F85004BBCF3 /* FingerprintView.swift in Sources */,
				6AB3F90F283D048500FF0F03 /* PrivacyPolicyView.swift in Sources */,
				6AB7145C27EA18A7004BBCF3 /* FingerprintGeneratorView.swift in Sources */,
				6A82A1C127DB71A2007C023F /* DemoApp.swift in Sources */,
				6AC03F4927DE509B00EF9DB7 /* FingerprintDetailView.swift in Sources */,
				6AC03F5027DF2DCC00EF9DB7 /* DeviceInfoItemView.swift in Sources */,
				6A82A1CF27DB72F6007C023F /* CollapsibleCard.swift in Sources */,
			);
			runOnlyForDeploymentPostprocessing = 0;
		};
/* End PBXSourcesBuildPhase section */

/* Begin XCBuildConfiguration section */
		6A82A1C927DB71A3007C023F /* Debug */ = {
			isa = XCBuildConfiguration;
			buildSettings = {
				ALWAYS_SEARCH_USER_PATHS = NO;
				CLANG_ANALYZER_NONNULL = YES;
				CLANG_ANALYZER_NUMBER_OBJECT_CONVERSION = YES_AGGRESSIVE;
				CLANG_CXX_LANGUAGE_STANDARD = "gnu++17";
				CLANG_CXX_LIBRARY = "libc++";
				CLANG_ENABLE_MODULES = YES;
				CLANG_ENABLE_OBJC_ARC = YES;
				CLANG_ENABLE_OBJC_WEAK = YES;
				CLANG_WARN_BLOCK_CAPTURE_AUTORELEASING = YES;
				CLANG_WARN_BOOL_CONVERSION = YES;
				CLANG_WARN_COMMA = YES;
				CLANG_WARN_CONSTANT_CONVERSION = YES;
				CLANG_WARN_DEPRECATED_OBJC_IMPLEMENTATIONS = YES;
				CLANG_WARN_DIRECT_OBJC_ISA_USAGE = YES_ERROR;
				CLANG_WARN_DOCUMENTATION_COMMENTS = YES;
				CLANG_WARN_EMPTY_BODY = YES;
				CLANG_WARN_ENUM_CONVERSION = YES;
				CLANG_WARN_INFINITE_RECURSION = YES;
				CLANG_WARN_INT_CONVERSION = YES;
				CLANG_WARN_NON_LITERAL_NULL_CONVERSION = YES;
				CLANG_WARN_OBJC_IMPLICIT_RETAIN_SELF = YES;
				CLANG_WARN_OBJC_LITERAL_CONVERSION = YES;
				CLANG_WARN_OBJC_ROOT_CLASS = YES_ERROR;
				CLANG_WARN_QUOTED_INCLUDE_IN_FRAMEWORK_HEADER = YES;
				CLANG_WARN_RANGE_LOOP_ANALYSIS = YES;
				CLANG_WARN_STRICT_PROTOTYPES = YES;
				CLANG_WARN_SUSPICIOUS_MOVE = YES;
				CLANG_WARN_UNGUARDED_AVAILABILITY = YES_AGGRESSIVE;
				CLANG_WARN_UNREACHABLE_CODE = YES;
				CLANG_WARN__DUPLICATE_METHOD_MATCH = YES;
				COPY_PHASE_STRIP = NO;
				DEBUG_INFORMATION_FORMAT = dwarf;
				ENABLE_STRICT_OBJC_MSGSEND = YES;
				ENABLE_TESTABILITY = YES;
				ENABLE_USER_SCRIPT_SANDBOXING = YES;
				GCC_C_LANGUAGE_STANDARD = gnu11;
				GCC_DYNAMIC_NO_PIC = NO;
				GCC_NO_COMMON_BLOCKS = YES;
				GCC_OPTIMIZATION_LEVEL = 0;
				GCC_PREPROCESSOR_DEFINITIONS = (
					"DEBUG=1",
					"$(inherited)",
				);
				GCC_WARN_64_TO_32_BIT_CONVERSION = YES;
				GCC_WARN_ABOUT_RETURN_TYPE = YES_ERROR;
				GCC_WARN_UNDECLARED_SELECTOR = YES;
				GCC_WARN_UNINITIALIZED_AUTOS = YES_AGGRESSIVE;
				GCC_WARN_UNUSED_FUNCTION = YES;
				GCC_WARN_UNUSED_VARIABLE = YES;
				IPHONEOS_DEPLOYMENT_TARGET = 14.0;
				MTL_ENABLE_DEBUG_INFO = INCLUDE_SOURCE;
				MTL_FAST_MATH = YES;
				ONLY_ACTIVE_ARCH = YES;
				SDKROOT = iphoneos;
				SWIFT_ACTIVE_COMPILATION_CONDITIONS = DEBUG;
				SWIFT_OPTIMIZATION_LEVEL = "-Onone";
			};
			name = Debug;
		};
		6A82A1CA27DB71A3007C023F /* Release */ = {
			isa = XCBuildConfiguration;
			buildSettings = {
				ALWAYS_SEARCH_USER_PATHS = NO;
				CLANG_ANALYZER_NONNULL = YES;
				CLANG_ANALYZER_NUMBER_OBJECT_CONVERSION = YES_AGGRESSIVE;
				CLANG_CXX_LANGUAGE_STANDARD = "gnu++17";
				CLANG_CXX_LIBRARY = "libc++";
				CLANG_ENABLE_MODULES = YES;
				CLANG_ENABLE_OBJC_ARC = YES;
				CLANG_ENABLE_OBJC_WEAK = YES;
				CLANG_WARN_BLOCK_CAPTURE_AUTORELEASING = YES;
				CLANG_WARN_BOOL_CONVERSION = YES;
				CLANG_WARN_COMMA = YES;
				CLANG_WARN_CONSTANT_CONVERSION = YES;
				CLANG_WARN_DEPRECATED_OBJC_IMPLEMENTATIONS = YES;
				CLANG_WARN_DIRECT_OBJC_ISA_USAGE = YES_ERROR;
				CLANG_WARN_DOCUMENTATION_COMMENTS = YES;
				CLANG_WARN_EMPTY_BODY = YES;
				CLANG_WARN_ENUM_CONVERSION = YES;
				CLANG_WARN_INFINITE_RECURSION = YES;
				CLANG_WARN_INT_CONVERSION = YES;
				CLANG_WARN_NON_LITERAL_NULL_CONVERSION = YES;
				CLANG_WARN_OBJC_IMPLICIT_RETAIN_SELF = YES;
				CLANG_WARN_OBJC_LITERAL_CONVERSION = YES;
				CLANG_WARN_OBJC_ROOT_CLASS = YES_ERROR;
				CLANG_WARN_QUOTED_INCLUDE_IN_FRAMEWORK_HEADER = YES;
				CLANG_WARN_RANGE_LOOP_ANALYSIS = YES;
				CLANG_WARN_STRICT_PROTOTYPES = YES;
				CLANG_WARN_SUSPICIOUS_MOVE = YES;
				CLANG_WARN_UNGUARDED_AVAILABILITY = YES_AGGRESSIVE;
				CLANG_WARN_UNREACHABLE_CODE = YES;
				CLANG_WARN__DUPLICATE_METHOD_MATCH = YES;
				COPY_PHASE_STRIP = NO;
				DEBUG_INFORMATION_FORMAT = "dwarf-with-dsym";
				ENABLE_NS_ASSERTIONS = NO;
				ENABLE_STRICT_OBJC_MSGSEND = YES;
				ENABLE_USER_SCRIPT_SANDBOXING = YES;
				GCC_C_LANGUAGE_STANDARD = gnu11;
				GCC_NO_COMMON_BLOCKS = YES;
				GCC_WARN_64_TO_32_BIT_CONVERSION = YES;
				GCC_WARN_ABOUT_RETURN_TYPE = YES_ERROR;
				GCC_WARN_UNDECLARED_SELECTOR = YES;
				GCC_WARN_UNINITIALIZED_AUTOS = YES_AGGRESSIVE;
				GCC_WARN_UNUSED_FUNCTION = YES;
				GCC_WARN_UNUSED_VARIABLE = YES;
				IPHONEOS_DEPLOYMENT_TARGET = 14.0;
				MTL_ENABLE_DEBUG_INFO = NO;
				MTL_FAST_MATH = YES;
				SDKROOT = iphoneos;
				SWIFT_COMPILATION_MODE = wholemodule;
				SWIFT_OPTIMIZATION_LEVEL = "-O";
				VALIDATE_PRODUCT = YES;
			};
			name = Release;
		};
		6A82A1CC27DB71A3007C023F /* Debug */ = {
			isa = XCBuildConfiguration;
			baseConfigurationReference = 5AAA3DFCDA9325C2C1163E70 /* Pods-DemoApp.debug.xcconfig */;
			buildSettings = {
				ASSETCATALOG_COMPILER_APPICON_NAME = AppIcon;
				ASSETCATALOG_COMPILER_GLOBAL_ACCENT_COLOR_NAME = AccentColor;
				CODE_SIGN_STYLE = Automatic;
				CURRENT_PROJECT_VERSION = 5;
				DEVELOPMENT_ASSET_PATHS = "";
				DEVELOPMENT_TEAM = AQ93X82PXZ;
				ENABLE_PREVIEWS = YES;
				ENABLE_USER_SCRIPT_SANDBOXING = NO;
				GENERATE_INFOPLIST_FILE = YES;
				INFOPLIST_FILE = DemoApp/Info.plist;
				INFOPLIST_KEY_CFBundleDisplayName = "FingerprintJS Showcase";
				INFOPLIST_KEY_LSApplicationCategoryType = "public.app-category.developer-tools";
				INFOPLIST_KEY_UIApplicationSupportsIndirectInputEvents = YES;
				INFOPLIST_KEY_UILaunchStoryboardName = Launch;
				INFOPLIST_KEY_UIRequiresFullScreen = YES;
				INFOPLIST_KEY_UISupportedInterfaceOrientations = "";
				INFOPLIST_KEY_UISupportedInterfaceOrientations_iPad = UIInterfaceOrientationPortrait;
				INFOPLIST_KEY_UISupportedInterfaceOrientations_iPhone = UIInterfaceOrientationPortrait;
				INFOPLIST_KEY_UIUserInterfaceStyle = Light;
				LD_DYLIB_INSTALL_NAME = "@rpath";
				LD_RUNPATH_SEARCH_PATHS = (
					"$(inherited)",
					"@executable_path/Frameworks",
				);
				MARKETING_VERSION = 1.0;
				PRODUCT_BUNDLE_IDENTIFIER = com.fingerprintjs.DemoApp;
				PRODUCT_NAME = "$(TARGET_NAME)";
				SUPPORTED_PLATFORMS = "iphoneos iphonesimulator";
				SUPPORTS_MACCATALYST = NO;
				SUPPORTS_MAC_DESIGNED_FOR_IPHONE_IPAD = NO;
				SUPPORTS_XR_DESIGNED_FOR_IPHONE_IPAD = NO;
				SWIFT_EMIT_LOC_STRINGS = YES;
				SWIFT_VERSION = 5.0;
				TARGETED_DEVICE_FAMILY = "1,2";
			};
			name = Debug;
		};
		6A82A1CD27DB71A3007C023F /* Release */ = {
			isa = XCBuildConfiguration;
			baseConfigurationReference = D20F7CDCD8D7D0470AE07A88 /* Pods-DemoApp.release.xcconfig */;
			buildSettings = {
				ASSETCATALOG_COMPILER_APPICON_NAME = AppIcon;
				ASSETCATALOG_COMPILER_GLOBAL_ACCENT_COLOR_NAME = AccentColor;
				CODE_SIGN_IDENTITY = "iPhone Distribution";
				CODE_SIGN_STYLE = Manual;
				CURRENT_PROJECT_VERSION = 5;
				DEVELOPMENT_ASSET_PATHS = "";
				DEVELOPMENT_TEAM = AQ93X82PXZ;
				ENABLE_PREVIEWS = YES;
				ENABLE_USER_SCRIPT_SANDBOXING = NO;
				GENERATE_INFOPLIST_FILE = YES;
				INFOPLIST_FILE = DemoApp/Info.plist;
				INFOPLIST_KEY_CFBundleDisplayName = "FingerprintJS Showcase";
				INFOPLIST_KEY_LSApplicationCategoryType = "public.app-category.developer-tools";
				INFOPLIST_KEY_UIApplicationSupportsIndirectInputEvents = YES;
				INFOPLIST_KEY_UILaunchStoryboardName = Launch;
				INFOPLIST_KEY_UIRequiresFullScreen = YES;
				INFOPLIST_KEY_UISupportedInterfaceOrientations = "";
				INFOPLIST_KEY_UISupportedInterfaceOrientations_iPad = UIInterfaceOrientationPortrait;
				INFOPLIST_KEY_UISupportedInterfaceOrientations_iPhone = UIInterfaceOrientationPortrait;
				INFOPLIST_KEY_UIUserInterfaceStyle = Light;
				LD_DYLIB_INSTALL_NAME = "@rpath";
				LD_RUNPATH_SEARCH_PATHS = (
					"$(inherited)",
					"@executable_path/Frameworks",
				);
				MARKETING_VERSION = 1.0;
				PRODUCT_BUNDLE_IDENTIFIER = com.fingerprintjs.DemoApp;
				PRODUCT_NAME = "$(TARGET_NAME)";
				PROVISIONING_PROFILE_SPECIFIER = "match AppStore com.fingerprintjs.DemoApp";
				SUPPORTED_PLATFORMS = "iphoneos iphonesimulator";
				SUPPORTS_MACCATALYST = NO;
				SUPPORTS_MAC_DESIGNED_FOR_IPHONE_IPAD = NO;
				SUPPORTS_XR_DESIGNED_FOR_IPHONE_IPAD = NO;
				SWIFT_EMIT_LOC_STRINGS = YES;
				SWIFT_VERSION = 5.0;
				TARGETED_DEVICE_FAMILY = "1,2";
			};
			name = Release;
		};
/* End XCBuildConfiguration section */

/* Begin XCConfigurationList section */
		6A82A1B827DB71A2007C023F /* Build configuration list for PBXProject "DemoApp" */ = {
			isa = XCConfigurationList;
			buildConfigurations = (
				6A82A1C927DB71A3007C023F /* Debug */,
				6A82A1CA27DB71A3007C023F /* Release */,
			);
			defaultConfigurationIsVisible = 0;
			defaultConfigurationName = Release;
		};
		6A82A1CB27DB71A3007C023F /* Build configuration list for PBXNativeTarget "DemoApp" */ = {
			isa = XCConfigurationList;
			buildConfigurations = (
				6A82A1CC27DB71A3007C023F /* Debug */,
				6A82A1CD27DB71A3007C023F /* Release */,
			);
			defaultConfigurationIsVisible = 0;
			defaultConfigurationName = Release;
		};
/* End XCConfigurationList section */
	};
	rootObject = 6A82A1B527DB71A2007C023F /* Project object */;
}
