// !$*UTF8*$!
{
	archiveVersion = 1;
	classes = {
	};
	objectVersion = 55;
	objects = {

/* Begin PBXBuildFile section */
		159E0BAA292CD1C600E2C38A /* AppInfoHarvester.swift in Sources */ = {isa = PBXBuildFile; fileRef = 159E0BA9292CD1C600E2C38A /* AppInfoHarvester.swift */; };
		159E0BAC292CE35700E2C38A /* UserInterfaceStyle.swift in Sources */ = {isa = PBXBuildFile; fileRef = 159E0BAB292CE35700E2C38A /* UserInterfaceStyle.swift */; };
		159E0BAE292D149700E2C38A /* AppInfoHarvesterTests.swift in Sources */ = {isa = PBXBuildFile; fileRef = 159E0BAD292D149700E2C38A /* AppInfoHarvesterTests.swift */; };
		159E0BB2292D18B800E2C38A /* UserInterfaceTraitsProviding.swift in Sources */ = {isa = PBXBuildFile; fileRef = 159E0BB1292D18B800E2C38A /* UserInterfaceTraitsProviding.swift */; };
		159E0BB6292D19B700E2C38A /* UserInterfaceTraitsProvidingSpy.swift in Sources */ = {isa = PBXBuildFile; fileRef = 159E0BB5292D19B700E2C38A /* UserInterfaceTraitsProvidingSpy.swift */; };
		159E0BB82934A2C100E2C38A /* ScreenInfoProvidingSpy.swift in Sources */ = {isa = PBXBuildFile; fileRef = 159E0BB72934A2C100E2C38A /* ScreenInfoProvidingSpy.swift */; };
		159E0BBF293A5DE500E2C38A /* TimeZoneInfoProviding.swift in Sources */ = {isa = PBXBuildFile; fileRef = 159E0BBE293A5DE500E2C38A /* TimeZoneInfoProviding.swift */; };
		159E0BC1293A6C6F00E2C38A /* TimeZoneInfoProvidingSpy.swift in Sources */ = {isa = PBXBuildFile; fileRef = 159E0BC0293A6C6F00E2C38A /* TimeZoneInfoProvidingSpy.swift */; };
		159E0BC3293E4B7A00E2C38A /* LocaleInfoProviding.swift in Sources */ = {isa = PBXBuildFile; fileRef = 159E0BC2293E4B7A00E2C38A /* LocaleInfoProviding.swift */; };
		159E0BC5293E4FF900E2C38A /* LocaleInfoProvidingSpy.swift in Sources */ = {isa = PBXBuildFile; fileRef = 159E0BC4293E4FF900E2C38A /* LocaleInfoProvidingSpy.swift */; };
		159E0BC9293F79B000E2C38A /* CPUInfoProviding.swift in Sources */ = {isa = PBXBuildFile; fileRef = 159E0BC8293F79B000E2C38A /* CPUInfoProviding.swift */; };
		159E0BCB293F7A3F00E2C38A /* DeviceIdentificationInfoProviding.swift in Sources */ = {isa = PBXBuildFile; fileRef = 159E0BCA293F7A3F00E2C38A /* DeviceIdentificationInfoProviding.swift */; };
		159E0BCD293F7A7900E2C38A /* ScreenInfoProviding.swift in Sources */ = {isa = PBXBuildFile; fileRef = 159E0BCC293F7A7900E2C38A /* ScreenInfoProviding.swift */; };
		159E0BCF293FA8F400E2C38A /* DeviceIdentificationInfoProvidingSpy.swift in Sources */ = {isa = PBXBuildFile; fileRef = 159E0BCE293FA8F400E2C38A /* DeviceIdentificationInfoProvidingSpy.swift */; };
		159E0BD32940D35B00E2C38A /* CellularNetworkInfoHarvester.swift in Sources */ = {isa = PBXBuildFile; fileRef = 159E0BD22940D35B00E2C38A /* CellularNetworkInfoHarvester.swift */; };
		159E0BD52940D41600E2C38A /* CarrierInfoProviding.swift in Sources */ = {isa = PBXBuildFile; fileRef = 159E0BD42940D41600E2C38A /* CarrierInfoProviding.swift */; };
		159E0BD72940D66600E2C38A /* CellularServiceInfoProviding.swift in Sources */ = {isa = PBXBuildFile; fileRef = 159E0BD62940D66600E2C38A /* CellularServiceInfoProviding.swift */; };
		159E0BD92940DBCB00E2C38A /* CellularNetworkInfoHarvesterTests.swift in Sources */ = {isa = PBXBuildFile; fileRef = 159E0BD82940DBCB00E2C38A /* CellularNetworkInfoHarvesterTests.swift */; };
		159E0BDB294107AE00E2C38A /* CellularServiceInfoProvidingSpy.swift in Sources */ = {isa = PBXBuildFile; fileRef = 159E0BDA294107AE00E2C38A /* CellularServiceInfoProvidingSpy.swift */; };
		159E0BDD294108E900E2C38A /* CarrierInfoProvidingSpy.swift in Sources */ = {isa = PBXBuildFile; fileRef = 159E0BDC294108E900E2C38A /* CarrierInfoProvidingSpy.swift */; };
		15D7C62A294A6B010025CE74 /* FingerprintStabilityLevel.swift in Sources */ = {isa = PBXBuildFile; fileRef = 15D7C629294A6B010025CE74 /* FingerprintStabilityLevel.swift */; };
		15D7C64C298ACE760025CE74 /* AuthenticationContextInfo.swift in Sources */ = {isa = PBXBuildFile; fileRef = 15D7C64B298ACE760025CE74 /* AuthenticationContextInfo.swift */; };
		15D7C64E298BCAC50025CE74 /* AuthenticationContextInfoProviding.swift in Sources */ = {isa = PBXBuildFile; fileRef = 15D7C64D298BCAC50025CE74 /* AuthenticationContextInfoProviding.swift */; };
		15D7C650298BD0930025CE74 /* BiometryType.swift in Sources */ = {isa = PBXBuildFile; fileRef = 15D7C64F298BD0930025CE74 /* BiometryType.swift */; };
		15D7C654298BD6930025CE74 /* LocalAuthenticationInfoHarvester.swift in Sources */ = {isa = PBXBuildFile; fileRef = 15D7C653298BD6930025CE74 /* LocalAuthenticationInfoHarvester.swift */; };
		15D7C657298C07220025CE74 /* LocalAuthenticationInfoHarvesterTests.swift in Sources */ = {isa = PBXBuildFile; fileRef = 15D7C655298C071A0025CE74 /* LocalAuthenticationInfoHarvesterTests.swift */; };
		15D7C65A298C0C1D0025CE74 /* AuthenticationContextInfoProvidingDummy.swift in Sources */ = {isa = PBXBuildFile; fileRef = 15D7C659298C0C1D0025CE74 /* AuthenticationContextInfoProvidingDummy.swift */; };
		6A0F5C86297898430068BD4D /* SystemControl.framework in Frameworks */ = {isa = PBXBuildFile; fileRef = 6A2047F32971ACFA008EC677 /* SystemControl.framework */; };
		6A1D11412809DBDE00566F75 /* DeviceInfo.swift in Sources */ = {isa = PBXBuildFile; fileRef = 6A1D11402809DBDE00566F75 /* DeviceInfo.swift */; };
		6A1D1143280F1B6600566F75 /* DeviceInfoProvider.swift in Sources */ = {isa = PBXBuildFile; fileRef = 6A1D1142280F1B6600566F75 /* DeviceInfoProvider.swift */; };
		6A2047FD2971AD19008EC677 /* SystemControlValuesRetriever.swift in Sources */ = {isa = PBXBuildFile; fileRef = 6A82A19D27D775AF007C023F /* SystemControlValuesRetriever.swift */; };
		6A2047FE2971AD19008EC677 /* SystemControlValueDefinition.swift in Sources */ = {isa = PBXBuildFile; fileRef = 6A47E070296CA9FA00717C22 /* SystemControlValueDefinition.swift */; };
		6A2047FF2971AD19008EC677 /* SystemControlValuesProvider.swift in Sources */ = {isa = PBXBuildFile; fileRef = 6A47E071296CA9FA00717C22 /* SystemControlValuesProvider.swift */; };
		6A2048002971AD19008EC677 /* HardwareSubsystem.swift in Sources */ = {isa = PBXBuildFile; fileRef = 6A47E06A296CA9E300717C22 /* HardwareSubsystem.swift */; };
		6A2048012971AD19008EC677 /* SystemControlError.swift in Sources */ = {isa = PBXBuildFile; fileRef = 6A9B7CA627E207A9002B9939 /* SystemControlError.swift */; };
		6A2048022971AD19008EC677 /* RawPointerConvertible.swift in Sources */ = {isa = PBXBuildFile; fileRef = 6A47E06E296CA9EC00717C22 /* RawPointerConvertible.swift */; };
		6A2048032971AD19008EC677 /* KernelSubsystem.swift in Sources */ = {isa = PBXBuildFile; fileRef = 6A47E069296CA9E300717C22 /* KernelSubsystem.swift */; };
		6A2048042971AD19008EC677 /* VirtualMemorySubsystem.swift in Sources */ = {isa = PBXBuildFile; fileRef = 6A47E068296CA9E300717C22 /* VirtualMemorySubsystem.swift */; };
		6A2E484A29630DB200753ACD /* IdentifierStorableSpy.swift in Sources */ = {isa = PBXBuildFile; fileRef = 6A2E484929630DB200753ACD /* IdentifierStorableSpy.swift */; };
		6A2E484E2963355B00753ACD /* VendorIdentifierProviding.swift in Sources */ = {isa = PBXBuildFile; fileRef = 6A2E484D2963355B00753ACD /* VendorIdentifierProviding.swift */; };
		6A2E4850296336AC00753ACD /* VendorIdentifierProvidingSpy.swift in Sources */ = {isa = PBXBuildFile; fileRef = 6A2E484F296336AC00753ACD /* VendorIdentifierProvidingSpy.swift */; };
		6A3BB827280588FD00D2EBB9 /* OSInfoHarvesterTests.swift in Sources */ = {isa = PBXBuildFile; fileRef = 6A3BB826280588FD00D2EBB9 /* OSInfoHarvesterTests.swift */; };
		6A3BB82928058B4900D2EBB9 /* IdentifierHarvesterTests.swift in Sources */ = {isa = PBXBuildFile; fileRef = 6A3BB82828058B4900D2EBB9 /* IdentifierHarvesterTests.swift */; };
		6A44A31928CF8FAF0026DCD8 /* SHA256HashingFunctionTests.swift in Sources */ = {isa = PBXBuildFile; fileRef = 6A44A31828CF8FAF0026DCD8 /* SHA256HashingFunctionTests.swift */; };
		6A53B7332976ECD400DD6872 /* FingerprintJSVersion.swift in Sources */ = {isa = PBXBuildFile; fileRef = 6A53B7322976ECD400DD6872 /* FingerprintJSVersion.swift */; };
		6A53B737297716FF00DD6872 /* FingerprintJSVersionTests.swift in Sources */ = {isa = PBXBuildFile; fileRef = 6A53B735297716EC00DD6872 /* FingerprintJSVersionTests.swift */; };
		6A69CA8029789C0C005AF63F /* SubsystemValueRetrievalIntegrationTests.swift in Sources */ = {isa = PBXBuildFile; fileRef = 6A69CA7F29789C09005AF63F /* SubsystemValueRetrievalIntegrationTests.swift */; };
		6A7D016527FB31A30037E190 /* DiskSpaceInfo.swift in Sources */ = {isa = PBXBuildFile; fileRef = 6A7D016427FB31A30037E190 /* DiskSpaceInfo.swift */; };
		6A82A18327D65DB4007C023F /* FingerprintJS.framework in Frameworks */ = {isa = PBXBuildFile; fileRef = 6A82A17A27D65DB4007C023F /* FingerprintJS.framework */; };
		6A82A19727D74D5B007C023F /* Fingerprintable.swift in Sources */ = {isa = PBXBuildFile; fileRef = 6A82A19627D74D5B007C023F /* Fingerprintable.swift */; };
		6A82A19B27D76CD6007C023F /* HardwareInfoHarvester.swift in Sources */ = {isa = PBXBuildFile; fileRef = 6A82A19A27D76CD6007C023F /* HardwareInfoHarvester.swift */; };
		6A82A1A227D8965D007C023F /* IdentifierHarvester.swift in Sources */ = {isa = PBXBuildFile; fileRef = 6A82A1A127D8965D007C023F /* IdentifierHarvester.swift */; };
		6A82A1A427D897F2007C023F /* KeychainIdentifierStorage.swift in Sources */ = {isa = PBXBuildFile; fileRef = 6A82A1A327D897F2007C023F /* KeychainIdentifierStorage.swift */; };
		6A82A1A627D89817007C023F /* IdentifierStorable.swift in Sources */ = {isa = PBXBuildFile; fileRef = 6A82A1A527D89817007C023F /* IdentifierStorable.swift */; };
		6A82A1AD27DA09E3007C023F /* SHA256FingerprintFunction.swift in Sources */ = {isa = PBXBuildFile; fileRef = 6A82A1AC27DA09E3007C023F /* SHA256FingerprintFunction.swift */; };
		6A82A1AF27DA0A19007C023F /* Digest+StringOutput.swift in Sources */ = {isa = PBXBuildFile; fileRef = 6A82A1AE27DA0A18007C023F /* Digest+StringOutput.swift */; };
		6A82A1B327DB5941007C023F /* OSInfoHarvester.swift in Sources */ = {isa = PBXBuildFile; fileRef = 6A82A1B227DB5941007C023F /* OSInfoHarvester.swift */; };
		6A9B7CAA27E214C5002B9939 /* FingerprinterFactory.swift in Sources */ = {isa = PBXBuildFile; fileRef = 6A9B7CA927E214C5002B9939 /* FingerprinterFactory.swift */; };
		6A9B7CAC27E214DA002B9939 /* Configuration.swift in Sources */ = {isa = PBXBuildFile; fileRef = 6A9B7CAB27E214DA002B9939 /* Configuration.swift */; };
		6A9B7CAE27E220F1002B9939 /* Fingerprinter.swift in Sources */ = {isa = PBXBuildFile; fileRef = 6A9B7CAD27E220F1002B9939 /* Fingerprinter.swift */; };
		6A9B7CB027E36F66002B9939 /* CompoundTreeBuilder.swift in Sources */ = {isa = PBXBuildFile; fileRef = 6A9B7CAF27E36F66002B9939 /* CompoundTreeBuilder.swift */; };
		6A9B7CB227E7AA8E002B9939 /* DeviceInfoTreeProvider.swift in Sources */ = {isa = PBXBuildFile; fileRef = 6A9B7CB127E7AA8E002B9939 /* DeviceInfoTreeProvider.swift */; };
		6A9B7CB427E7AB6D002B9939 /* FingerprintFunction.swift in Sources */ = {isa = PBXBuildFile; fileRef = 6A9B7CB327E7AB6D002B9939 /* FingerprintFunction.swift */; };
		6A9B7CB627E7AC55002B9939 /* CGSize+CustomStringConvertible.swift in Sources */ = {isa = PBXBuildFile; fileRef = 6A9B7CB527E7AC55002B9939 /* CGSize+CustomStringConvertible.swift */; };
		6A9B7CB827E7ADC8002B9939 /* FingerprintTree.swift in Sources */ = {isa = PBXBuildFile; fileRef = 6A9B7CB727E7ADC8002B9939 /* FingerprintTree.swift */; };
		6A9B7CBA27E7B3D4002B9939 /* FingerprintTreeCalculator.swift in Sources */ = {isa = PBXBuildFile; fileRef = 6A9B7CB927E7B3D4002B9939 /* FingerprintTreeCalculator.swift */; };
		6AB7146127EB612D004BBCF3 /* FingerprintTreeCalculatorTests.swift in Sources */ = {isa = PBXBuildFile; fileRef = 6AB7146027EB612D004BBCF3 /* FingerprintTreeCalculatorTests.swift */; };
		6AB7146427EB65B1004BBCF3 /* MockHashingFunction.swift in Sources */ = {isa = PBXBuildFile; fileRef = 6AB7146327EB65B1004BBCF3 /* MockHashingFunction.swift */; };
		6AC03F4B27DE574100EF9DB7 /* DeviceInfoItem.swift in Sources */ = {isa = PBXBuildFile; fileRef = 6AC03F4A27DE574100EF9DB7 /* DeviceInfoItem.swift */; };
		6AC362AB280013E200C4768A /* HardwareInfoHarvesterTests.swift in Sources */ = {isa = PBXBuildFile; fileRef = 6AC362AA280013E200C4768A /* HardwareInfoHarvesterTests.swift */; };
		6AC362B228042B7C00C4768A /* SystemControlMock.swift in Sources */ = {isa = PBXBuildFile; fileRef = 6AC362B128042B7C00C4768A /* SystemControlMock.swift */; };
		6AC362B628042C1500C4768A /* CPUInfoProvidingMock.swift in Sources */ = {isa = PBXBuildFile; fileRef = 6AC362B528042C1500C4768A /* CPUInfoProvidingMock.swift */; };
/* End PBXBuildFile section */

/* Begin PBXContainerItemProxy section */
		6A0F5C87297898430068BD4D /* PBXContainerItemProxy */ = {
			isa = PBXContainerItemProxy;
			containerPortal = 6A82A17127D65DB4007C023F /* Project object */;
			proxyType = 1;
			remoteGlobalIDString = 6A2047F22971ACFA008EC677;
			remoteInfo = SystemControl;
		};
		6A2047FA2971AD0D008EC677 /* PBXContainerItemProxy */ = {
			isa = PBXContainerItemProxy;
			containerPortal = 6A82A17127D65DB4007C023F /* Project object */;
			proxyType = 1;
			remoteGlobalIDString = 6A2047F22971ACFA008EC677;
			remoteInfo = SystemControl;
		};
		6A82A18427D65DB4007C023F /* PBXContainerItemProxy */ = {
			isa = PBXContainerItemProxy;
			containerPortal = 6A82A17127D65DB4007C023F /* Project object */;
			proxyType = 1;
			remoteGlobalIDString = 6A82A17927D65DB4007C023F;
			remoteInfo = FingerprintKit;
		};
/* End PBXContainerItemProxy section */

/* Begin PBXFileReference section */
		159E0BA9292CD1C600E2C38A /* AppInfoHarvester.swift */ = {isa = PBXFileReference; lastKnownFileType = sourcecode.swift; path = AppInfoHarvester.swift; sourceTree = "<group>"; };
		159E0BAB292CE35700E2C38A /* UserInterfaceStyle.swift */ = {isa = PBXFileReference; lastKnownFileType = sourcecode.swift; path = UserInterfaceStyle.swift; sourceTree = "<group>"; };
		159E0BAD292D149700E2C38A /* AppInfoHarvesterTests.swift */ = {isa = PBXFileReference; lastKnownFileType = sourcecode.swift; path = AppInfoHarvesterTests.swift; sourceTree = "<group>"; };
		159E0BB1292D18B800E2C38A /* UserInterfaceTraitsProviding.swift */ = {isa = PBXFileReference; lastKnownFileType = sourcecode.swift; path = UserInterfaceTraitsProviding.swift; sourceTree = "<group>"; };
		159E0BB5292D19B700E2C38A /* UserInterfaceTraitsProvidingSpy.swift */ = {isa = PBXFileReference; lastKnownFileType = sourcecode.swift; path = UserInterfaceTraitsProvidingSpy.swift; sourceTree = "<group>"; };
		159E0BB72934A2C100E2C38A /* ScreenInfoProvidingSpy.swift */ = {isa = PBXFileReference; lastKnownFileType = sourcecode.swift; path = ScreenInfoProvidingSpy.swift; sourceTree = "<group>"; };
		159E0BBE293A5DE500E2C38A /* TimeZoneInfoProviding.swift */ = {isa = PBXFileReference; lastKnownFileType = sourcecode.swift; path = TimeZoneInfoProviding.swift; sourceTree = "<group>"; };
		159E0BC0293A6C6F00E2C38A /* TimeZoneInfoProvidingSpy.swift */ = {isa = PBXFileReference; lastKnownFileType = sourcecode.swift; path = TimeZoneInfoProvidingSpy.swift; sourceTree = "<group>"; };
		159E0BC2293E4B7A00E2C38A /* LocaleInfoProviding.swift */ = {isa = PBXFileReference; lastKnownFileType = sourcecode.swift; path = LocaleInfoProviding.swift; sourceTree = "<group>"; };
		159E0BC4293E4FF900E2C38A /* LocaleInfoProvidingSpy.swift */ = {isa = PBXFileReference; lastKnownFileType = sourcecode.swift; path = LocaleInfoProvidingSpy.swift; sourceTree = "<group>"; };
		159E0BC8293F79B000E2C38A /* CPUInfoProviding.swift */ = {isa = PBXFileReference; lastKnownFileType = sourcecode.swift; path = CPUInfoProviding.swift; sourceTree = "<group>"; };
		159E0BCA293F7A3F00E2C38A /* DeviceIdentificationInfoProviding.swift */ = {isa = PBXFileReference; lastKnownFileType = sourcecode.swift; path = DeviceIdentificationInfoProviding.swift; sourceTree = "<group>"; };
		159E0BCC293F7A7900E2C38A /* ScreenInfoProviding.swift */ = {isa = PBXFileReference; lastKnownFileType = sourcecode.swift; path = ScreenInfoProviding.swift; sourceTree = "<group>"; };
		159E0BCE293FA8F400E2C38A /* DeviceIdentificationInfoProvidingSpy.swift */ = {isa = PBXFileReference; lastKnownFileType = sourcecode.swift; path = DeviceIdentificationInfoProvidingSpy.swift; sourceTree = "<group>"; };
		159E0BD22940D35B00E2C38A /* CellularNetworkInfoHarvester.swift */ = {isa = PBXFileReference; lastKnownFileType = sourcecode.swift; path = CellularNetworkInfoHarvester.swift; sourceTree = "<group>"; };
		159E0BD42940D41600E2C38A /* CarrierInfoProviding.swift */ = {isa = PBXFileReference; lastKnownFileType = sourcecode.swift; path = CarrierInfoProviding.swift; sourceTree = "<group>"; };
		159E0BD62940D66600E2C38A /* CellularServiceInfoProviding.swift */ = {isa = PBXFileReference; lastKnownFileType = sourcecode.swift; path = CellularServiceInfoProviding.swift; sourceTree = "<group>"; };
		159E0BD82940DBCB00E2C38A /* CellularNetworkInfoHarvesterTests.swift */ = {isa = PBXFileReference; lastKnownFileType = sourcecode.swift; path = CellularNetworkInfoHarvesterTests.swift; sourceTree = "<group>"; };
		159E0BDA294107AE00E2C38A /* CellularServiceInfoProvidingSpy.swift */ = {isa = PBXFileReference; lastKnownFileType = sourcecode.swift; path = CellularServiceInfoProvidingSpy.swift; sourceTree = "<group>"; };
		159E0BDC294108E900E2C38A /* CarrierInfoProvidingSpy.swift */ = {isa = PBXFileReference; lastKnownFileType = sourcecode.swift; path = CarrierInfoProvidingSpy.swift; sourceTree = "<group>"; };
		15D7C629294A6B010025CE74 /* FingerprintStabilityLevel.swift */ = {isa = PBXFileReference; lastKnownFileType = sourcecode.swift; path = FingerprintStabilityLevel.swift; sourceTree = "<group>"; };
		15D7C64B298ACE760025CE74 /* AuthenticationContextInfo.swift */ = {isa = PBXFileReference; lastKnownFileType = sourcecode.swift; path = AuthenticationContextInfo.swift; sourceTree = "<group>"; };
		15D7C64D298BCAC50025CE74 /* AuthenticationContextInfoProviding.swift */ = {isa = PBXFileReference; lastKnownFileType = sourcecode.swift; path = AuthenticationContextInfoProviding.swift; sourceTree = "<group>"; };
		15D7C64F298BD0930025CE74 /* BiometryType.swift */ = {isa = PBXFileReference; lastKnownFileType = sourcecode.swift; path = BiometryType.swift; sourceTree = "<group>"; };
		15D7C653298BD6930025CE74 /* LocalAuthenticationInfoHarvester.swift */ = {isa = PBXFileReference; lastKnownFileType = sourcecode.swift; path = LocalAuthenticationInfoHarvester.swift; sourceTree = "<group>"; };
		15D7C655298C071A0025CE74 /* LocalAuthenticationInfoHarvesterTests.swift */ = {isa = PBXFileReference; lastKnownFileType = sourcecode.swift; path = LocalAuthenticationInfoHarvesterTests.swift; sourceTree = "<group>"; };
		15D7C659298C0C1D0025CE74 /* AuthenticationContextInfoProvidingDummy.swift */ = {isa = PBXFileReference; lastKnownFileType = sourcecode.swift; path = AuthenticationContextInfoProvidingDummy.swift; sourceTree = "<group>"; };
		15EB3D2A2A1D10F30057EC3A /* SystemControl.xctestplan */ = {isa = PBXFileReference; lastKnownFileType = text; name = SystemControl.xctestplan; path = FingerprintJS.xcodeproj/xcshareddata/xctestplans/SystemControl.xctestplan; sourceTree = "<group>"; };
		15EB3D2B2A1D11660057EC3A /* FingerprintJS.xctestplan */ = {isa = PBXFileReference; lastKnownFileType = text; name = FingerprintJS.xctestplan; path = FingerprintJS.xcodeproj/xcshareddata/xctestplans/FingerprintJS.xctestplan; sourceTree = "<group>"; };
		6A0F5C82297898430068BD4D /* SystemControlTests.xctest */ = {isa = PBXFileReference; explicitFileType = wrapper.cfbundle; includeInIndex = 0; path = SystemControlTests.xctest; sourceTree = BUILT_PRODUCTS_DIR; };
		6A1D11402809DBDE00566F75 /* DeviceInfo.swift */ = {isa = PBXFileReference; lastKnownFileType = sourcecode.swift; path = DeviceInfo.swift; sourceTree = "<group>"; };
		6A1D1142280F1B6600566F75 /* DeviceInfoProvider.swift */ = {isa = PBXFileReference; lastKnownFileType = sourcecode.swift; path = DeviceInfoProvider.swift; sourceTree = "<group>"; };
		6A2047F32971ACFA008EC677 /* SystemControl.framework */ = {isa = PBXFileReference; explicitFileType = wrapper.framework; includeInIndex = 0; path = SystemControl.framework; sourceTree = BUILT_PRODUCTS_DIR; };
		6A2E484929630DB200753ACD /* IdentifierStorableSpy.swift */ = {isa = PBXFileReference; lastKnownFileType = sourcecode.swift; path = IdentifierStorableSpy.swift; sourceTree = "<group>"; };
		6A2E484D2963355B00753ACD /* VendorIdentifierProviding.swift */ = {isa = PBXFileReference; lastKnownFileType = sourcecode.swift; path = VendorIdentifierProviding.swift; sourceTree = "<group>"; };
		6A2E484F296336AC00753ACD /* VendorIdentifierProvidingSpy.swift */ = {isa = PBXFileReference; lastKnownFileType = sourcecode.swift; path = VendorIdentifierProvidingSpy.swift; sourceTree = "<group>"; };
		6A3BB826280588FD00D2EBB9 /* OSInfoHarvesterTests.swift */ = {isa = PBXFileReference; lastKnownFileType = sourcecode.swift; path = OSInfoHarvesterTests.swift; sourceTree = "<group>"; };
		6A3BB82828058B4900D2EBB9 /* IdentifierHarvesterTests.swift */ = {isa = PBXFileReference; lastKnownFileType = sourcecode.swift; path = IdentifierHarvesterTests.swift; sourceTree = "<group>"; };
		6A44A31828CF8FAF0026DCD8 /* SHA256HashingFunctionTests.swift */ = {isa = PBXFileReference; fileEncoding = 4; lastKnownFileType = sourcecode.swift; path = SHA256HashingFunctionTests.swift; sourceTree = "<group>"; };
		6A47E068296CA9E300717C22 /* VirtualMemorySubsystem.swift */ = {isa = PBXFileReference; fileEncoding = 4; lastKnownFileType = sourcecode.swift; path = VirtualMemorySubsystem.swift; sourceTree = "<group>"; };
		6A47E069296CA9E300717C22 /* KernelSubsystem.swift */ = {isa = PBXFileReference; fileEncoding = 4; lastKnownFileType = sourcecode.swift; path = KernelSubsystem.swift; sourceTree = "<group>"; };
		6A47E06A296CA9E300717C22 /* HardwareSubsystem.swift */ = {isa = PBXFileReference; fileEncoding = 4; lastKnownFileType = sourcecode.swift; path = HardwareSubsystem.swift; sourceTree = "<group>"; };
		6A47E06E296CA9EC00717C22 /* RawPointerConvertible.swift */ = {isa = PBXFileReference; fileEncoding = 4; lastKnownFileType = sourcecode.swift; path = RawPointerConvertible.swift; sourceTree = "<group>"; };
		6A47E070296CA9FA00717C22 /* SystemControlValueDefinition.swift */ = {isa = PBXFileReference; fileEncoding = 4; lastKnownFileType = sourcecode.swift; path = SystemControlValueDefinition.swift; sourceTree = "<group>"; };
		6A47E071296CA9FA00717C22 /* SystemControlValuesProvider.swift */ = {isa = PBXFileReference; fileEncoding = 4; lastKnownFileType = sourcecode.swift; path = SystemControlValuesProvider.swift; sourceTree = "<group>"; };
		6A53B7322976ECD400DD6872 /* FingerprintJSVersion.swift */ = {isa = PBXFileReference; lastKnownFileType = sourcecode.swift; path = FingerprintJSVersion.swift; sourceTree = "<group>"; };
		6A53B735297716EC00DD6872 /* FingerprintJSVersionTests.swift */ = {isa = PBXFileReference; lastKnownFileType = sourcecode.swift; path = FingerprintJSVersionTests.swift; sourceTree = "<group>"; };
		6A69CA7F29789C09005AF63F /* SubsystemValueRetrievalIntegrationTests.swift */ = {isa = PBXFileReference; lastKnownFileType = sourcecode.swift; path = SubsystemValueRetrievalIntegrationTests.swift; sourceTree = "<group>"; };
		6A7D016427FB31A30037E190 /* DiskSpaceInfo.swift */ = {isa = PBXFileReference; lastKnownFileType = sourcecode.swift; path = DiskSpaceInfo.swift; sourceTree = "<group>"; };
		6A82A17A27D65DB4007C023F /* FingerprintJS.framework */ = {isa = PBXFileReference; explicitFileType = wrapper.framework; includeInIndex = 0; path = FingerprintJS.framework; sourceTree = BUILT_PRODUCTS_DIR; };
		6A82A18227D65DB4007C023F /* FingerprintJSTests.xctest */ = {isa = PBXFileReference; explicitFileType = wrapper.cfbundle; includeInIndex = 0; path = FingerprintJSTests.xctest; sourceTree = BUILT_PRODUCTS_DIR; };
		6A82A19627D74D5B007C023F /* Fingerprintable.swift */ = {isa = PBXFileReference; lastKnownFileType = sourcecode.swift; path = Fingerprintable.swift; sourceTree = "<group>"; };
		6A82A19A27D76CD6007C023F /* HardwareInfoHarvester.swift */ = {isa = PBXFileReference; lastKnownFileType = sourcecode.swift; path = HardwareInfoHarvester.swift; sourceTree = "<group>"; };
		6A82A19D27D775AF007C023F /* SystemControlValuesRetriever.swift */ = {isa = PBXFileReference; lastKnownFileType = sourcecode.swift; path = SystemControlValuesRetriever.swift; sourceTree = "<group>"; };
		6A82A1A127D8965D007C023F /* IdentifierHarvester.swift */ = {isa = PBXFileReference; lastKnownFileType = sourcecode.swift; path = IdentifierHarvester.swift; sourceTree = "<group>"; };
		6A82A1A327D897F2007C023F /* KeychainIdentifierStorage.swift */ = {isa = PBXFileReference; lastKnownFileType = sourcecode.swift; path = KeychainIdentifierStorage.swift; sourceTree = "<group>"; };
		6A82A1A527D89817007C023F /* IdentifierStorable.swift */ = {isa = PBXFileReference; lastKnownFileType = sourcecode.swift; path = IdentifierStorable.swift; sourceTree = "<group>"; };
		6A82A1AC27DA09E3007C023F /* SHA256FingerprintFunction.swift */ = {isa = PBXFileReference; lastKnownFileType = sourcecode.swift; path = SHA256FingerprintFunction.swift; sourceTree = "<group>"; };
		6A82A1AE27DA0A18007C023F /* Digest+StringOutput.swift */ = {isa = PBXFileReference; lastKnownFileType = sourcecode.swift; path = "Digest+StringOutput.swift"; sourceTree = "<group>"; };
		6A82A1B227DB5941007C023F /* OSInfoHarvester.swift */ = {isa = PBXFileReference; lastKnownFileType = sourcecode.swift; path = OSInfoHarvester.swift; sourceTree = "<group>"; };
		6A9B7CA627E207A9002B9939 /* SystemControlError.swift */ = {isa = PBXFileReference; lastKnownFileType = sourcecode.swift; path = SystemControlError.swift; sourceTree = "<group>"; };
		6A9B7CA927E214C5002B9939 /* FingerprinterFactory.swift */ = {isa = PBXFileReference; lastKnownFileType = sourcecode.swift; path = FingerprinterFactory.swift; sourceTree = "<group>"; };
		6A9B7CAB27E214DA002B9939 /* Configuration.swift */ = {isa = PBXFileReference; lastKnownFileType = sourcecode.swift; path = Configuration.swift; sourceTree = "<group>"; };
		6A9B7CAD27E220F1002B9939 /* Fingerprinter.swift */ = {isa = PBXFileReference; lastKnownFileType = sourcecode.swift; path = Fingerprinter.swift; sourceTree = "<group>"; };
		6A9B7CAF27E36F66002B9939 /* CompoundTreeBuilder.swift */ = {isa = PBXFileReference; lastKnownFileType = sourcecode.swift; path = CompoundTreeBuilder.swift; sourceTree = "<group>"; };
		6A9B7CB127E7AA8E002B9939 /* DeviceInfoTreeProvider.swift */ = {isa = PBXFileReference; lastKnownFileType = sourcecode.swift; path = DeviceInfoTreeProvider.swift; sourceTree = "<group>"; };
		6A9B7CB327E7AB6D002B9939 /* FingerprintFunction.swift */ = {isa = PBXFileReference; lastKnownFileType = sourcecode.swift; path = FingerprintFunction.swift; sourceTree = "<group>"; };
		6A9B7CB527E7AC55002B9939 /* CGSize+CustomStringConvertible.swift */ = {isa = PBXFileReference; lastKnownFileType = sourcecode.swift; path = "CGSize+CustomStringConvertible.swift"; sourceTree = "<group>"; };
		6A9B7CB727E7ADC8002B9939 /* FingerprintTree.swift */ = {isa = PBXFileReference; lastKnownFileType = sourcecode.swift; path = FingerprintTree.swift; sourceTree = "<group>"; };
		6A9B7CB927E7B3D4002B9939 /* FingerprintTreeCalculator.swift */ = {isa = PBXFileReference; lastKnownFileType = sourcecode.swift; path = FingerprintTreeCalculator.swift; sourceTree = "<group>"; };
		6AB7146027EB612D004BBCF3 /* FingerprintTreeCalculatorTests.swift */ = {isa = PBXFileReference; lastKnownFileType = sourcecode.swift; path = FingerprintTreeCalculatorTests.swift; sourceTree = "<group>"; };
		6AB7146327EB65B1004BBCF3 /* MockHashingFunction.swift */ = {isa = PBXFileReference; lastKnownFileType = sourcecode.swift; path = MockHashingFunction.swift; sourceTree = "<group>"; };
		6AC03F4A27DE574100EF9DB7 /* DeviceInfoItem.swift */ = {isa = PBXFileReference; lastKnownFileType = sourcecode.swift; path = DeviceInfoItem.swift; sourceTree = "<group>"; };
		6AC362AA280013E200C4768A /* HardwareInfoHarvesterTests.swift */ = {isa = PBXFileReference; lastKnownFileType = sourcecode.swift; path = HardwareInfoHarvesterTests.swift; sourceTree = "<group>"; };
		6AC362B128042B7C00C4768A /* SystemControlMock.swift */ = {isa = PBXFileReference; lastKnownFileType = sourcecode.swift; path = SystemControlMock.swift; sourceTree = "<group>"; };
		6AC362B528042C1500C4768A /* CPUInfoProvidingMock.swift */ = {isa = PBXFileReference; lastKnownFileType = sourcecode.swift; path = CPUInfoProvidingMock.swift; sourceTree = "<group>"; };
/* End PBXFileReference section */

/* Begin PBXFrameworksBuildPhase section */
		6A0F5C7F297898430068BD4D /* Frameworks */ = {
			isa = PBXFrameworksBuildPhase;
			buildActionMask = 2147483647;
			files = (
				6A0F5C86297898430068BD4D /* SystemControl.framework in Frameworks */,
			);
			runOnlyForDeploymentPostprocessing = 0;
		};
		6A2047F02971ACFA008EC677 /* Frameworks */ = {
			isa = PBXFrameworksBuildPhase;
			buildActionMask = 2147483647;
			files = (
			);
			runOnlyForDeploymentPostprocessing = 0;
		};
		6A82A17727D65DB4007C023F /* Frameworks */ = {
			isa = PBXFrameworksBuildPhase;
			buildActionMask = 2147483647;
			files = (
			);
			runOnlyForDeploymentPostprocessing = 0;
		};
		6A82A17F27D65DB4007C023F /* Frameworks */ = {
			isa = PBXFrameworksBuildPhase;
			buildActionMask = 2147483647;
			files = (
				6A82A18327D65DB4007C023F /* FingerprintJS.framework in Frameworks */,
			);
			runOnlyForDeploymentPostprocessing = 0;
		};
/* End PBXFrameworksBuildPhase section */

/* Begin PBXGroup section */
		159E0BAF292D17E500E2C38A /* AppInfoHarvester */ = {
			isa = PBXGroup;
			children = (
				159E0BB0292D181F00E2C38A /* Providers */,
				159E0BA9292CD1C600E2C38A /* AppInfoHarvester.swift */,
			);
			path = AppInfoHarvester;
			sourceTree = "<group>";
		};
		159E0BB0292D181F00E2C38A /* Providers */ = {
			isa = PBXGroup;
			children = (
				159E0BC2293E4B7A00E2C38A /* LocaleInfoProviding.swift */,
				159E0BB1292D18B800E2C38A /* UserInterfaceTraitsProviding.swift */,
			);
			path = Providers;
			sourceTree = "<group>";
		};
		159E0BB3292D194400E2C38A /* TestDoubles */ = {
			isa = PBXGroup;
			children = (
				15D7C658298C0BEA0025CE74 /* Dummies */,
				6AB7146227EB636E004BBCF3 /* Mocks */,
				159E0BB4292D196400E2C38A /* Spies */,
			);
			path = TestDoubles;
			sourceTree = "<group>";
		};
		159E0BB4292D196400E2C38A /* Spies */ = {
			isa = PBXGroup;
			children = (
				159E0BC4293E4FF900E2C38A /* LocaleInfoProvidingSpy.swift */,
				159E0BB72934A2C100E2C38A /* ScreenInfoProvidingSpy.swift */,
				159E0BC0293A6C6F00E2C38A /* TimeZoneInfoProvidingSpy.swift */,
				159E0BB5292D19B700E2C38A /* UserInterfaceTraitsProvidingSpy.swift */,
				159E0BCE293FA8F400E2C38A /* DeviceIdentificationInfoProvidingSpy.swift */,
				159E0BDA294107AE00E2C38A /* CellularServiceInfoProvidingSpy.swift */,
				159E0BDC294108E900E2C38A /* CarrierInfoProvidingSpy.swift */,
				6A2E484929630DB200753ACD /* IdentifierStorableSpy.swift */,
				6A2E484F296336AC00753ACD /* VendorIdentifierProvidingSpy.swift */,
			);
			path = Spies;
			sourceTree = "<group>";
		};
		159E0BBC293A5DB100E2C38A /* OSInfoHarvester */ = {
			isa = PBXGroup;
			children = (
				159E0BBD293A5DC700E2C38A /* Providers */,
				6A82A1B227DB5941007C023F /* OSInfoHarvester.swift */,
			);
			path = OSInfoHarvester;
			sourceTree = "<group>";
		};
		159E0BBD293A5DC700E2C38A /* Providers */ = {
			isa = PBXGroup;
			children = (
				159E0BBE293A5DE500E2C38A /* TimeZoneInfoProviding.swift */,
			);
			path = Providers;
			sourceTree = "<group>";
		};
		159E0BC6293F795E00E2C38A /* HardwareInfoHarvester */ = {
			isa = PBXGroup;
			children = (
				159E0BC7293F797C00E2C38A /* Providers */,
				6A82A19A27D76CD6007C023F /* HardwareInfoHarvester.swift */,
			);
			path = HardwareInfoHarvester;
			sourceTree = "<group>";
		};
		159E0BC7293F797C00E2C38A /* Providers */ = {
			isa = PBXGroup;
			children = (
				159E0BC8293F79B000E2C38A /* CPUInfoProviding.swift */,
				159E0BCA293F7A3F00E2C38A /* DeviceIdentificationInfoProviding.swift */,
				159E0BCC293F7A7900E2C38A /* ScreenInfoProviding.swift */,
			);
			path = Providers;
			sourceTree = "<group>";
		};
		159E0BD02940D2FD00E2C38A /* CellularNetworkInfoHarvester */ = {
			isa = PBXGroup;
			children = (
				159E0BD12940D34700E2C38A /* Providers */,
				159E0BD22940D35B00E2C38A /* CellularNetworkInfoHarvester.swift */,
			);
			path = CellularNetworkInfoHarvester;
			sourceTree = "<group>";
		};
		159E0BD12940D34700E2C38A /* Providers */ = {
			isa = PBXGroup;
			children = (
				159E0BD42940D41600E2C38A /* CarrierInfoProviding.swift */,
				159E0BD62940D66600E2C38A /* CellularServiceInfoProviding.swift */,
			);
			path = Providers;
			sourceTree = "<group>";
		};
		15D7C651298BD6680025CE74 /* LocalAuthenticationInfoHarvester */ = {
			isa = PBXGroup;
			children = (
				15D7C652298BD6810025CE74 /* Providers */,
				15D7C653298BD6930025CE74 /* LocalAuthenticationInfoHarvester.swift */,
			);
			path = LocalAuthenticationInfoHarvester;
			sourceTree = "<group>";
		};
		15D7C652298BD6810025CE74 /* Providers */ = {
			isa = PBXGroup;
			children = (
				15D7C64D298BCAC50025CE74 /* AuthenticationContextInfoProviding.swift */,
			);
			path = Providers;
			sourceTree = "<group>";
		};
		15D7C658298C0BEA0025CE74 /* Dummies */ = {
			isa = PBXGroup;
			children = (
				15D7C659298C0C1D0025CE74 /* AuthenticationContextInfoProvidingDummy.swift */,
			);
			path = Dummies;
			sourceTree = "<group>";
		};
		6A2E484B2963352000753ACD /* IdentifierHarvester */ = {
			isa = PBXGroup;
			children = (
				6A2E484C2963354B00753ACD /* Providers */,
				6A82A1A127D8965D007C023F /* IdentifierHarvester.swift */,
			);
			path = IdentifierHarvester;
			sourceTree = "<group>";
		};
		6A2E484C2963354B00753ACD /* Providers */ = {
			isa = PBXGroup;
			children = (
				6A2E484D2963355B00753ACD /* VendorIdentifierProviding.swift */,
			);
			path = Providers;
			sourceTree = "<group>";
		};
		6A53B7342977168200DD6872 /* Harvesters */ = {
			isa = PBXGroup;
			children = (
				159E0BAD292D149700E2C38A /* AppInfoHarvesterTests.swift */,
				159E0BD82940DBCB00E2C38A /* CellularNetworkInfoHarvesterTests.swift */,
				6AC362AA280013E200C4768A /* HardwareInfoHarvesterTests.swift */,
				6A3BB82828058B4900D2EBB9 /* IdentifierHarvesterTests.swift */,
				15D7C655298C071A0025CE74 /* LocalAuthenticationInfoHarvesterTests.swift */,
				6A3BB826280588FD00D2EBB9 /* OSInfoHarvesterTests.swift */,
			);
			path = Harvesters;
			sourceTree = "<group>";
		};
		6A69CA7D29789C09005AF63F /* SystemControlTests */ = {
			isa = PBXGroup;
			children = (
				6A69CA7E29789C09005AF63F /* Integration */,
			);
			name = SystemControlTests;
			path = Tests/SystemControlTests;
			sourceTree = "<group>";
		};
		6A69CA7E29789C09005AF63F /* Integration */ = {
			isa = PBXGroup;
			children = (
				6A69CA7F29789C09005AF63F /* SubsystemValueRetrievalIntegrationTests.swift */,
			);
			path = Integration;
			sourceTree = "<group>";
		};
		6A7D016327FB31940037E190 /* DataExchange */ = {
			isa = PBXGroup;
			children = (
				15D7C64B298ACE760025CE74 /* AuthenticationContextInfo.swift */,
				15D7C64F298BD0930025CE74 /* BiometryType.swift */,
				6A1D11402809DBDE00566F75 /* DeviceInfo.swift */,
				6A7D016427FB31A30037E190 /* DiskSpaceInfo.swift */,
				159E0BAB292CE35700E2C38A /* UserInterfaceStyle.swift */,
			);
			path = DataExchange;
			sourceTree = "<group>";
		};
		6A82A17027D65DB4007C023F = {
			isa = PBXGroup;
			children = (
				15EB3D2B2A1D11660057EC3A /* FingerprintJS.xctestplan */,
				15EB3D2A2A1D10F30057EC3A /* SystemControl.xctestplan */,
				6A82A17C27D65DB4007C023F /* FingerprintJS */,
				6A82A18627D65DB4007C023F /* FingerprintJSTests */,
				6A82A19C27D775A2007C023F /* SystemControl */,
				6A69CA7D29789C09005AF63F /* SystemControlTests */,
				6A82A17B27D65DB4007C023F /* Products */,
			);
			sourceTree = "<group>";
		};
		6A82A17B27D65DB4007C023F /* Products */ = {
			isa = PBXGroup;
			children = (
				6A82A17A27D65DB4007C023F /* FingerprintJS.framework */,
				6A82A18227D65DB4007C023F /* FingerprintJSTests.xctest */,
				6A2047F32971ACFA008EC677 /* SystemControl.framework */,
				6A0F5C82297898430068BD4D /* SystemControlTests.xctest */,
			);
			name = Products;
			sourceTree = "<group>";
		};
		6A82A17C27D65DB4007C023F /* FingerprintJS */ = {
			isa = PBXGroup;
			children = (
				6A9B7CA827E21493002B9939 /* Library */,
				6A82A1AB27DA09AD007C023F /* Hashing */,
				6A82A19827D76BFE007C023F /* Harvesters */,
				6A82A19527D74D23007C023F /* Common */,
				6A82A19227D65E1C007C023F /* Fingerprints */,
			);
			name = FingerprintJS;
			path = Sources/FingerprintJS;
			sourceTree = "<group>";
		};
		6A82A18627D65DB4007C023F /* FingerprintJSTests */ = {
			isa = PBXGroup;
			children = (
				6A53B7342977168200DD6872 /* Harvesters */,
				6AB7146027EB612D004BBCF3 /* FingerprintTreeCalculatorTests.swift */,
				6A44A31828CF8FAF0026DCD8 /* SHA256HashingFunctionTests.swift */,
				6A53B735297716EC00DD6872 /* FingerprintJSVersionTests.swift */,
				159E0BB3292D194400E2C38A /* TestDoubles */,
			);
			name = FingerprintJSTests;
			path = Tests/FingerprintJSTests;
			sourceTree = "<group>";
		};
		6A82A19227D65E1C007C023F /* Fingerprints */ = {
			isa = PBXGroup;
			children = (
				6A9B7CAF27E36F66002B9939 /* CompoundTreeBuilder.swift */,
				6A9B7CB127E7AA8E002B9939 /* DeviceInfoTreeProvider.swift */,
				6A9B7CB727E7ADC8002B9939 /* FingerprintTree.swift */,
				6A9B7CB927E7B3D4002B9939 /* FingerprintTreeCalculator.swift */,
			);
			path = Fingerprints;
			sourceTree = "<group>";
		};
		6A82A19527D74D23007C023F /* Common */ = {
			isa = PBXGroup;
			children = (
				6A9B7CB527E7AC55002B9939 /* CGSize+CustomStringConvertible.swift */,
				6AC03F4A27DE574100EF9DB7 /* DeviceInfoItem.swift */,
				6A82A19627D74D5B007C023F /* Fingerprintable.swift */,
				6A82A1A727D89CB0007C023F /* Storage */,
			);
			path = Common;
			sourceTree = "<group>";
		};
		6A82A19827D76BFE007C023F /* Harvesters */ = {
			isa = PBXGroup;
			children = (
				159E0BAF292D17E500E2C38A /* AppInfoHarvester */,
				159E0BD02940D2FD00E2C38A /* CellularNetworkInfoHarvester */,
				159E0BC6293F795E00E2C38A /* HardwareInfoHarvester */,
				6A2E484B2963352000753ACD /* IdentifierHarvester */,
				15D7C651298BD6680025CE74 /* LocalAuthenticationInfoHarvester */,
				159E0BBC293A5DB100E2C38A /* OSInfoHarvester */,
				6A7D016327FB31940037E190 /* DataExchange */,
			);
			path = Harvesters;
			sourceTree = "<group>";
		};
		6A82A19C27D775A2007C023F /* SystemControl */ = {
			isa = PBXGroup;
			children = (
				6A89B216296655C800107604 /* Subsystems */,
				6A82A19D27D775AF007C023F /* SystemControlValuesRetriever.swift */,
				6A9B7CA627E207A9002B9939 /* SystemControlError.swift */,
				6A47E070296CA9FA00717C22 /* SystemControlValueDefinition.swift */,
				6A47E071296CA9FA00717C22 /* SystemControlValuesProvider.swift */,
				6A47E06E296CA9EC00717C22 /* RawPointerConvertible.swift */,
			);
			name = SystemControl;
			path = Sources/SystemControl;
			sourceTree = "<group>";
		};
		6A82A1A727D89CB0007C023F /* Storage */ = {
			isa = PBXGroup;
			children = (
				6A82A1A527D89817007C023F /* IdentifierStorable.swift */,
				6A82A1A327D897F2007C023F /* KeychainIdentifierStorage.swift */,
			);
			path = Storage;
			sourceTree = "<group>";
		};
		6A82A1AB27DA09AD007C023F /* Hashing */ = {
			isa = PBXGroup;
			children = (
				6A82A1AC27DA09E3007C023F /* SHA256FingerprintFunction.swift */,
				6A9B7CB327E7AB6D002B9939 /* FingerprintFunction.swift */,
				6A82A1AE27DA0A18007C023F /* Digest+StringOutput.swift */,
			);
			path = Hashing;
			sourceTree = "<group>";
		};
		6A89B216296655C800107604 /* Subsystems */ = {
			isa = PBXGroup;
			children = (
				6A47E06A296CA9E300717C22 /* HardwareSubsystem.swift */,
				6A47E069296CA9E300717C22 /* KernelSubsystem.swift */,
				6A47E068296CA9E300717C22 /* VirtualMemorySubsystem.swift */,
			);
			path = Subsystems;
			sourceTree = "<group>";
		};
		6A9B7CA827E21493002B9939 /* Library */ = {
			isa = PBXGroup;
			children = (
				6A9B7CAB27E214DA002B9939 /* Configuration.swift */,
				6A1D1142280F1B6600566F75 /* DeviceInfoProvider.swift */,
				6A9B7CAD27E220F1002B9939 /* Fingerprinter.swift */,
				6A9B7CA927E214C5002B9939 /* FingerprinterFactory.swift */,
				15D7C629294A6B010025CE74 /* FingerprintStabilityLevel.swift */,
				6A53B7322976ECD400DD6872 /* FingerprintJSVersion.swift */,
			);
			path = Library;
			sourceTree = "<group>";
		};
		6AB7146227EB636E004BBCF3 /* Mocks */ = {
			isa = PBXGroup;
			children = (
				6AC362B528042C1500C4768A /* CPUInfoProvidingMock.swift */,
				6AB7146327EB65B1004BBCF3 /* MockHashingFunction.swift */,
				6AC362B128042B7C00C4768A /* SystemControlMock.swift */,
			);
			path = Mocks;
			sourceTree = "<group>";
		};
/* End PBXGroup section */

/* Begin PBXHeadersBuildPhase section */
		6A2047EE2971ACFA008EC677 /* Headers */ = {
			isa = PBXHeadersBuildPhase;
			buildActionMask = 2147483647;
			files = (
			);
			runOnlyForDeploymentPostprocessing = 0;
		};
		6A82A17527D65DB4007C023F /* Headers */ = {
			isa = PBXHeadersBuildPhase;
			buildActionMask = 2147483647;
			files = (
			);
			runOnlyForDeploymentPostprocessing = 0;
		};
/* End PBXHeadersBuildPhase section */

/* Begin PBXNativeTarget section */
		6A0F5C81297898430068BD4D /* SystemControlTests */ = {
			isa = PBXNativeTarget;
			buildConfigurationList = 6A0F5C89297898430068BD4D /* Build configuration list for PBXNativeTarget "SystemControlTests" */;
			buildPhases = (
				6A0F5C7E297898430068BD4D /* Sources */,
				6A0F5C7F297898430068BD4D /* Frameworks */,
				6A0F5C80297898430068BD4D /* Resources */,
			);
			buildRules = (
			);
			dependencies = (
				6A0F5C88297898430068BD4D /* PBXTargetDependency */,
			);
			name = SystemControlTests;
			productName = SystemControlTests;
			productReference = 6A0F5C82297898430068BD4D /* SystemControlTests.xctest */;
			productType = "com.apple.product-type.bundle.unit-test";
		};
		6A2047F22971ACFA008EC677 /* SystemControl */ = {
			isa = PBXNativeTarget;
			buildConfigurationList = 6A2047F72971ACFA008EC677 /* Build configuration list for PBXNativeTarget "SystemControl" */;
			buildPhases = (
				6A2047EE2971ACFA008EC677 /* Headers */,
				6A2047EF2971ACFA008EC677 /* Sources */,
				6A2047F02971ACFA008EC677 /* Frameworks */,
				6A2047F12971ACFA008EC677 /* Resources */,
			);
			buildRules = (
			);
			dependencies = (
			);
			name = SystemControl;
			productName = SystemControl;
			productReference = 6A2047F32971ACFA008EC677 /* SystemControl.framework */;
			productType = "com.apple.product-type.framework";
		};
		6A82A17927D65DB4007C023F /* FingerprintJS */ = {
			isa = PBXNativeTarget;
			buildConfigurationList = 6A82A18C27D65DB4007C023F /* Build configuration list for PBXNativeTarget "FingerprintJS" */;
			buildPhases = (
				6A82A17527D65DB4007C023F /* Headers */,
				159E0BB92937B7C800E2C38A /* Lint Code */,
				6A82A17627D65DB4007C023F /* Sources */,
				6A82A17727D65DB4007C023F /* Frameworks */,
				6A82A17827D65DB4007C023F /* Resources */,
			);
			buildRules = (
			);
			dependencies = (
				6A2047FB2971AD0D008EC677 /* PBXTargetDependency */,
			);
			name = FingerprintJS;
			productName = FingerprintKit;
			productReference = 6A82A17A27D65DB4007C023F /* FingerprintJS.framework */;
			productType = "com.apple.product-type.framework";
		};
		6A82A18127D65DB4007C023F /* FingerprintJSTests */ = {
			isa = PBXNativeTarget;
			buildConfigurationList = 6A82A18F27D65DB4007C023F /* Build configuration list for PBXNativeTarget "FingerprintJSTests" */;
			buildPhases = (
				6A82A17E27D65DB4007C023F /* Sources */,
				6A82A17F27D65DB4007C023F /* Frameworks */,
				6A82A18027D65DB4007C023F /* Resources */,
			);
			buildRules = (
			);
			dependencies = (
				6A82A18527D65DB4007C023F /* PBXTargetDependency */,
			);
			name = FingerprintJSTests;
			productName = FingerprintKitTests;
			productReference = 6A82A18227D65DB4007C023F /* FingerprintJSTests.xctest */;
			productType = "com.apple.product-type.bundle.unit-test";
		};
/* End PBXNativeTarget section */

/* Begin PBXProject section */
		6A82A17127D65DB4007C023F /* Project object */ = {
			isa = PBXProject;
			attributes = {
				BuildIndependentTargetsInParallel = 1;
				LastSwiftUpdateCheck = 1410;
				LastUpgradeCheck = 1430;
				TargetAttributes = {
					6A0F5C81297898430068BD4D = {
						CreatedOnToolsVersion = 14.1;
					};
					6A2047F22971ACFA008EC677 = {
						CreatedOnToolsVersion = 14.1;
					};
					6A82A17927D65DB4007C023F = {
						CreatedOnToolsVersion = 13.2.1;
						LastSwiftMigration = 1320;
					};
					6A82A18127D65DB4007C023F = {
						CreatedOnToolsVersion = 13.2.1;
					};
				};
			};
			buildConfigurationList = 6A82A17427D65DB4007C023F /* Build configuration list for PBXProject "FingerprintJS" */;
			compatibilityVersion = "Xcode 13.0";
			developmentRegion = en;
			hasScannedForEncodings = 0;
			knownRegions = (
				en,
				Base,
			);
			mainGroup = 6A82A17027D65DB4007C023F;
			productRefGroup = 6A82A17B27D65DB4007C023F /* Products */;
			projectDirPath = "";
			projectRoot = "";
			targets = (
				6A82A17927D65DB4007C023F /* FingerprintJS */,
				6A82A18127D65DB4007C023F /* FingerprintJSTests */,
				6A2047F22971ACFA008EC677 /* SystemControl */,
				6A0F5C81297898430068BD4D /* SystemControlTests */,
			);
		};
/* End PBXProject section */

/* Begin PBXResourcesBuildPhase section */
		6A0F5C80297898430068BD4D /* Resources */ = {
			isa = PBXResourcesBuildPhase;
			buildActionMask = 2147483647;
			files = (
			);
			runOnlyForDeploymentPostprocessing = 0;
		};
		6A2047F12971ACFA008EC677 /* Resources */ = {
			isa = PBXResourcesBuildPhase;
			buildActionMask = 2147483647;
			files = (
			);
			runOnlyForDeploymentPostprocessing = 0;
		};
		6A82A17827D65DB4007C023F /* Resources */ = {
			isa = PBXResourcesBuildPhase;
			buildActionMask = 2147483647;
			files = (
			);
			runOnlyForDeploymentPostprocessing = 0;
		};
		6A82A18027D65DB4007C023F /* Resources */ = {
			isa = PBXResourcesBuildPhase;
			buildActionMask = 2147483647;
			files = (
			);
			runOnlyForDeploymentPostprocessing = 0;
		};
/* End PBXResourcesBuildPhase section */

/* Begin PBXShellScriptBuildPhase section */
		159E0BB92937B7C800E2C38A /* Lint Code */ = {
			isa = PBXShellScriptBuildPhase;
			alwaysOutOfDate = 1;
			buildActionMask = 2147483647;
			files = (
			);
			inputFileListPaths = (
			);
			inputPaths = (
			);
			name = "Lint Code";
			outputFileListPaths = (
			);
			outputPaths = (
			);
			runOnlyForDeploymentPostprocessing = 0;
			shellPath = /bin/sh;
			shellScript = "set -e\n\n\"${PROJECT_DIR}/Scripts/lint_code.sh\"\n";
		};
/* End PBXShellScriptBuildPhase section */

/* Begin PBXSourcesBuildPhase section */
		6A0F5C7E297898430068BD4D /* Sources */ = {
			isa = PBXSourcesBuildPhase;
			buildActionMask = 2147483647;
			files = (
				6A69CA8029789C0C005AF63F /* SubsystemValueRetrievalIntegrationTests.swift in Sources */,
			);
			runOnlyForDeploymentPostprocessing = 0;
		};
		6A2047EF2971ACFA008EC677 /* Sources */ = {
			isa = PBXSourcesBuildPhase;
			buildActionMask = 2147483647;
			files = (
				6A2048032971AD19008EC677 /* KernelSubsystem.swift in Sources */,
				6A2047FD2971AD19008EC677 /* SystemControlValuesRetriever.swift in Sources */,
				6A2047FF2971AD19008EC677 /* SystemControlValuesProvider.swift in Sources */,
				6A2048022971AD19008EC677 /* RawPointerConvertible.swift in Sources */,
				6A2048012971AD19008EC677 /* SystemControlError.swift in Sources */,
				6A2047FE2971AD19008EC677 /* SystemControlValueDefinition.swift in Sources */,
				6A2048042971AD19008EC677 /* VirtualMemorySubsystem.swift in Sources */,
				6A2048002971AD19008EC677 /* HardwareSubsystem.swift in Sources */,
			);
			runOnlyForDeploymentPostprocessing = 0;
		};
		6A82A17627D65DB4007C023F /* Sources */ = {
			isa = PBXSourcesBuildPhase;
			buildActionMask = 2147483647;
			files = (
				159E0BAC292CE35700E2C38A /* UserInterfaceStyle.swift in Sources */,
				159E0BC3293E4B7A00E2C38A /* LocaleInfoProviding.swift in Sources */,
				6AC03F4B27DE574100EF9DB7 /* DeviceInfoItem.swift in Sources */,
				6A9B7CB227E7AA8E002B9939 /* DeviceInfoTreeProvider.swift in Sources */,
				15D7C64E298BCAC50025CE74 /* AuthenticationContextInfoProviding.swift in Sources */,
				6A1D1143280F1B6600566F75 /* DeviceInfoProvider.swift in Sources */,
				6A9B7CBA27E7B3D4002B9939 /* FingerprintTreeCalculator.swift in Sources */,
				159E0BD72940D66600E2C38A /* CellularServiceInfoProviding.swift in Sources */,
				15D7C64C298ACE760025CE74 /* AuthenticationContextInfo.swift in Sources */,
				6A9B7CB627E7AC55002B9939 /* CGSize+CustomStringConvertible.swift in Sources */,
				6A9B7CB027E36F66002B9939 /* CompoundTreeBuilder.swift in Sources */,
				6A2E484E2963355B00753ACD /* VendorIdentifierProviding.swift in Sources */,
				15D7C654298BD6930025CE74 /* LocalAuthenticationInfoHarvester.swift in Sources */,
				159E0BAA292CD1C600E2C38A /* AppInfoHarvester.swift in Sources */,
				6A9B7CB427E7AB6D002B9939 /* FingerprintFunction.swift in Sources */,
				159E0BB2292D18B800E2C38A /* UserInterfaceTraitsProviding.swift in Sources */,
				6A9B7CB827E7ADC8002B9939 /* FingerprintTree.swift in Sources */,
				15D7C62A294A6B010025CE74 /* FingerprintStabilityLevel.swift in Sources */,
				6A82A1B327DB5941007C023F /* OSInfoHarvester.swift in Sources */,
				159E0BD32940D35B00E2C38A /* CellularNetworkInfoHarvester.swift in Sources */,
				6A82A1A627D89817007C023F /* IdentifierStorable.swift in Sources */,
				159E0BBF293A5DE500E2C38A /* TimeZoneInfoProviding.swift in Sources */,
				6A9B7CAC27E214DA002B9939 /* Configuration.swift in Sources */,
				159E0BCD293F7A7900E2C38A /* ScreenInfoProviding.swift in Sources */,
				6A7D016527FB31A30037E190 /* DiskSpaceInfo.swift in Sources */,
				6A82A19727D74D5B007C023F /* Fingerprintable.swift in Sources */,
				6A53B7332976ECD400DD6872 /* FingerprintJSVersion.swift in Sources */,
				6A82A1AD27DA09E3007C023F /* SHA256FingerprintFunction.swift in Sources */,
				6A82A1AF27DA0A19007C023F /* Digest+StringOutput.swift in Sources */,
				6A9B7CAE27E220F1002B9939 /* Fingerprinter.swift in Sources */,
				6A82A19B27D76CD6007C023F /* HardwareInfoHarvester.swift in Sources */,
				15D7C650298BD0930025CE74 /* BiometryType.swift in Sources */,
				159E0BCB293F7A3F00E2C38A /* DeviceIdentificationInfoProviding.swift in Sources */,
				159E0BD52940D41600E2C38A /* CarrierInfoProviding.swift in Sources */,
				6A82A1A427D897F2007C023F /* KeychainIdentifierStorage.swift in Sources */,
				6A9B7CAA27E214C5002B9939 /* FingerprinterFactory.swift in Sources */,
				159E0BC9293F79B000E2C38A /* CPUInfoProviding.swift in Sources */,
				6A1D11412809DBDE00566F75 /* DeviceInfo.swift in Sources */,
				6A82A1A227D8965D007C023F /* IdentifierHarvester.swift in Sources */,
			);
			runOnlyForDeploymentPostprocessing = 0;
		};
		6A82A17E27D65DB4007C023F /* Sources */ = {
			isa = PBXSourcesBuildPhase;
			buildActionMask = 2147483647;
			files = (
				6A3BB827280588FD00D2EBB9 /* OSInfoHarvesterTests.swift in Sources */,
				6A3BB82928058B4900D2EBB9 /* IdentifierHarvesterTests.swift in Sources */,
				15D7C65A298C0C1D0025CE74 /* AuthenticationContextInfoProvidingDummy.swift in Sources */,
				6A53B737297716FF00DD6872 /* FingerprintJSVersionTests.swift in Sources */,
				6AB7146427EB65B1004BBCF3 /* MockHashingFunction.swift in Sources */,
				159E0BD92940DBCB00E2C38A /* CellularNetworkInfoHarvesterTests.swift in Sources */,
				6AC362AB280013E200C4768A /* HardwareInfoHarvesterTests.swift in Sources */,
				159E0BC1293A6C6F00E2C38A /* TimeZoneInfoProvidingSpy.swift in Sources */,
				159E0BDB294107AE00E2C38A /* CellularServiceInfoProvidingSpy.swift in Sources */,
				6A2E484A29630DB200753ACD /* IdentifierStorableSpy.swift in Sources */,
				6A2E4850296336AC00753ACD /* VendorIdentifierProvidingSpy.swift in Sources */,
				6AC362B228042B7C00C4768A /* SystemControlMock.swift in Sources */,
				159E0BAE292D149700E2C38A /* AppInfoHarvesterTests.swift in Sources */,
				159E0BDD294108E900E2C38A /* CarrierInfoProvidingSpy.swift in Sources */,
				159E0BC5293E4FF900E2C38A /* LocaleInfoProvidingSpy.swift in Sources */,
				6AB7146127EB612D004BBCF3 /* FingerprintTreeCalculatorTests.swift in Sources */,
				15D7C657298C07220025CE74 /* LocalAuthenticationInfoHarvesterTests.swift in Sources */,
				6A44A31928CF8FAF0026DCD8 /* SHA256HashingFunctionTests.swift in Sources */,
				6AC362B628042C1500C4768A /* CPUInfoProvidingMock.swift in Sources */,
				159E0BB6292D19B700E2C38A /* UserInterfaceTraitsProvidingSpy.swift in Sources */,
				159E0BB82934A2C100E2C38A /* ScreenInfoProvidingSpy.swift in Sources */,
				159E0BCF293FA8F400E2C38A /* DeviceIdentificationInfoProvidingSpy.swift in Sources */,
			);
			runOnlyForDeploymentPostprocessing = 0;
		};
/* End PBXSourcesBuildPhase section */

/* Begin PBXTargetDependency section */
		6A0F5C88297898430068BD4D /* PBXTargetDependency */ = {
			isa = PBXTargetDependency;
			target = 6A2047F22971ACFA008EC677 /* SystemControl */;
			targetProxy = 6A0F5C87297898430068BD4D /* PBXContainerItemProxy */;
		};
		6A2047FB2971AD0D008EC677 /* PBXTargetDependency */ = {
			isa = PBXTargetDependency;
			target = 6A2047F22971ACFA008EC677 /* SystemControl */;
			targetProxy = 6A2047FA2971AD0D008EC677 /* PBXContainerItemProxy */;
		};
		6A82A18527D65DB4007C023F /* PBXTargetDependency */ = {
			isa = PBXTargetDependency;
			target = 6A82A17927D65DB4007C023F /* FingerprintJS */;
			targetProxy = 6A82A18427D65DB4007C023F /* PBXContainerItemProxy */;
		};
/* End PBXTargetDependency section */

/* Begin XCBuildConfiguration section */
		6A0F5C8A297898430068BD4D /* Debug */ = {
			isa = XCBuildConfiguration;
			buildSettings = {
				CLANG_CXX_LANGUAGE_STANDARD = "gnu++20";
				CODE_SIGN_STYLE = Automatic;
				CURRENT_PROJECT_VERSION = 1;
				DEVELOPMENT_TEAM = AQ93X82PXZ;
				GENERATE_INFOPLIST_FILE = YES;
				MARKETING_VERSION = 1.0;
				PRODUCT_BUNDLE_IDENTIFIER = com.fingerprintjs.SystemControlTests;
				PRODUCT_NAME = "$(TARGET_NAME)";
				SUPPORTED_PLATFORMS = "appletvos appletvsimulator iphoneos iphonesimulator";
				SUPPORTS_MACCATALYST = NO;
				SUPPORTS_MAC_DESIGNED_FOR_IPHONE_IPAD = NO;
				SWIFT_EMIT_LOC_STRINGS = NO;
				SWIFT_VERSION = 5.0;
				TARGETED_DEVICE_FAMILY = "1,2,3";
			};
			name = Debug;
		};
		6A0F5C8B297898430068BD4D /* Release */ = {
			isa = XCBuildConfiguration;
			buildSettings = {
				CLANG_CXX_LANGUAGE_STANDARD = "gnu++20";
				CODE_SIGN_STYLE = Automatic;
				CURRENT_PROJECT_VERSION = 1;
				DEVELOPMENT_TEAM = AQ93X82PXZ;
				GENERATE_INFOPLIST_FILE = YES;
				MARKETING_VERSION = 1.0;
				PRODUCT_BUNDLE_IDENTIFIER = com.fingerprintjs.SystemControlTests;
				PRODUCT_NAME = "$(TARGET_NAME)";
				SUPPORTED_PLATFORMS = "appletvos appletvsimulator iphoneos iphonesimulator";
				SUPPORTS_MACCATALYST = NO;
				SUPPORTS_MAC_DESIGNED_FOR_IPHONE_IPAD = NO;
				SWIFT_EMIT_LOC_STRINGS = NO;
				SWIFT_VERSION = 5.0;
				TARGETED_DEVICE_FAMILY = "1,2,3";
			};
			name = Release;
		};
		6A2047F82971ACFA008EC677 /* Debug */ = {
			isa = XCBuildConfiguration;
			buildSettings = {
				CLANG_CXX_LANGUAGE_STANDARD = "gnu++20";
				CODE_SIGN_IDENTITY = "";
				CODE_SIGN_STYLE = Automatic;
				CURRENT_PROJECT_VERSION = 1;
				DEFINES_MODULE = NO;
				DEVELOPMENT_TEAM = AQ93X82PXZ;
				DYLIB_COMPATIBILITY_VERSION = 1;
				DYLIB_CURRENT_VERSION = 1;
				DYLIB_INSTALL_NAME_BASE = "@rpath";
				GENERATE_INFOPLIST_FILE = YES;
				INFOPLIST_KEY_NSHumanReadableCopyright = "";
				INSTALL_PATH = "$(LOCAL_LIBRARY_DIR)/Frameworks";
				LD_RUNPATH_SEARCH_PATHS = (
					"$(inherited)",
					"@executable_path/Frameworks",
					"@loader_path/Frameworks",
				);
				MARKETING_VERSION = 1.0;
				PRODUCT_BUNDLE_IDENTIFIER = com.fingerprintjs.SystemControl;
				PRODUCT_NAME = "$(TARGET_NAME:c99extidentifier)";
				SUPPORTED_PLATFORMS = "appletvos appletvsimulator iphoneos iphonesimulator";
				SUPPORTS_MACCATALYST = NO;
				SUPPORTS_MAC_DESIGNED_FOR_IPHONE_IPAD = NO;
				SWIFT_EMIT_LOC_STRINGS = YES;
				SWIFT_VERSION = 5.0;
				TARGETED_DEVICE_FAMILY = "1,2,3";
			};
			name = Debug;
		};
		6A2047F92971ACFA008EC677 /* Release */ = {
			isa = XCBuildConfiguration;
			buildSettings = {
				CLANG_CXX_LANGUAGE_STANDARD = "gnu++20";
				CODE_SIGN_IDENTITY = "";
				CODE_SIGN_STYLE = Automatic;
				CURRENT_PROJECT_VERSION = 1;
				DEFINES_MODULE = NO;
				DEVELOPMENT_TEAM = AQ93X82PXZ;
				DYLIB_COMPATIBILITY_VERSION = 1;
				DYLIB_CURRENT_VERSION = 1;
				DYLIB_INSTALL_NAME_BASE = "@rpath";
				GENERATE_INFOPLIST_FILE = YES;
				INFOPLIST_KEY_NSHumanReadableCopyright = "";
				INSTALL_PATH = "$(LOCAL_LIBRARY_DIR)/Frameworks";
				LD_RUNPATH_SEARCH_PATHS = (
					"$(inherited)",
					"@executable_path/Frameworks",
					"@loader_path/Frameworks",
				);
				MARKETING_VERSION = 1.0;
				PRODUCT_BUNDLE_IDENTIFIER = com.fingerprintjs.SystemControl;
				PRODUCT_NAME = "$(TARGET_NAME:c99extidentifier)";
				SUPPORTED_PLATFORMS = "appletvos appletvsimulator iphoneos iphonesimulator";
				SUPPORTS_MACCATALYST = NO;
				SUPPORTS_MAC_DESIGNED_FOR_IPHONE_IPAD = NO;
				SWIFT_EMIT_LOC_STRINGS = YES;
				SWIFT_VERSION = 5.0;
				TARGETED_DEVICE_FAMILY = "1,2,3";
			};
			name = Release;
		};
		6A82A18A27D65DB4007C023F /* Debug */ = {
			isa = XCBuildConfiguration;
			buildSettings = {
				ALWAYS_SEARCH_USER_PATHS = NO;
				CLANG_ANALYZER_NONNULL = YES;
				CLANG_ANALYZER_NUMBER_OBJECT_CONVERSION = YES_AGGRESSIVE;
				CLANG_CXX_LANGUAGE_STANDARD = "gnu++17";
				CLANG_CXX_LIBRARY = "libc++";
				CLANG_ENABLE_MODULES = YES;
				CLANG_ENABLE_OBJC_ARC = YES;
				CLANG_ENABLE_OBJC_WEAK = YES;
				CLANG_WARN_BLOCK_CAPTURE_AUTORELEASING = YES;
				CLANG_WARN_BOOL_CONVERSION = YES;
				CLANG_WARN_COMMA = YES;
				CLANG_WARN_CONSTANT_CONVERSION = YES;
				CLANG_WARN_DEPRECATED_OBJC_IMPLEMENTATIONS = YES;
				CLANG_WARN_DIRECT_OBJC_ISA_USAGE = YES_ERROR;
				CLANG_WARN_DOCUMENTATION_COMMENTS = YES;
				CLANG_WARN_EMPTY_BODY = YES;
				CLANG_WARN_ENUM_CONVERSION = YES;
				CLANG_WARN_INFINITE_RECURSION = YES;
				CLANG_WARN_INT_CONVERSION = YES;
				CLANG_WARN_NON_LITERAL_NULL_CONVERSION = YES;
				CLANG_WARN_OBJC_IMPLICIT_RETAIN_SELF = YES;
				CLANG_WARN_OBJC_LITERAL_CONVERSION = YES;
				CLANG_WARN_OBJC_ROOT_CLASS = YES_ERROR;
				CLANG_WARN_QUOTED_INCLUDE_IN_FRAMEWORK_HEADER = YES;
				CLANG_WARN_RANGE_LOOP_ANALYSIS = YES;
				CLANG_WARN_STRICT_PROTOTYPES = YES;
				CLANG_WARN_SUSPICIOUS_MOVE = YES;
				CLANG_WARN_UNGUARDED_AVAILABILITY = YES_AGGRESSIVE;
				CLANG_WARN_UNREACHABLE_CODE = YES;
				CLANG_WARN__DUPLICATE_METHOD_MATCH = YES;
				COPY_PHASE_STRIP = NO;
				CURRENT_PROJECT_VERSION = 1;
				DEBUG_INFORMATION_FORMAT = dwarf;
				ENABLE_STRICT_OBJC_MSGSEND = YES;
				ENABLE_TESTABILITY = YES;
				GCC_C_LANGUAGE_STANDARD = gnu11;
				GCC_DYNAMIC_NO_PIC = NO;
				GCC_NO_COMMON_BLOCKS = YES;
				GCC_OPTIMIZATION_LEVEL = 0;
				GCC_PREPROCESSOR_DEFINITIONS = (
					"DEBUG=1",
					"$(inherited)",
				);
				GCC_WARN_64_TO_32_BIT_CONVERSION = YES;
				GCC_WARN_ABOUT_RETURN_TYPE = YES_ERROR;
				GCC_WARN_UNDECLARED_SELECTOR = YES;
				GCC_WARN_UNINITIALIZED_AUTOS = YES_AGGRESSIVE;
				GCC_WARN_UNUSED_FUNCTION = YES;
				GCC_WARN_UNUSED_VARIABLE = YES;
				IPHONEOS_DEPLOYMENT_TARGET = 12.0;
				MTL_ENABLE_DEBUG_INFO = INCLUDE_SOURCE;
				MTL_FAST_MATH = YES;
				ONLY_ACTIVE_ARCH = YES;
				SDKROOT = iphoneos;
				SUPPORTED_PLATFORMS = "iphonesimulator iphoneos appletvos appletvsimulator";
				SWIFT_ACTIVE_COMPILATION_CONDITIONS = DEBUG;
				SWIFT_OPTIMIZATION_LEVEL = "-Onone";
				TARGETED_DEVICE_FAMILY = "1,2,3";
				TVOS_DEPLOYMENT_TARGET = 12.0;
				VERSIONING_SYSTEM = "apple-generic";
				VERSION_INFO_PREFIX = "";
			};
			name = Debug;
		};
		6A82A18B27D65DB4007C023F /* Release */ = {
			isa = XCBuildConfiguration;
			buildSettings = {
				ALWAYS_SEARCH_USER_PATHS = NO;
				CLANG_ANALYZER_NONNULL = YES;
				CLANG_ANALYZER_NUMBER_OBJECT_CONVERSION = YES_AGGRESSIVE;
				CLANG_CXX_LANGUAGE_STANDARD = "gnu++17";
				CLANG_CXX_LIBRARY = "libc++";
				CLANG_ENABLE_MODULES = YES;
				CLANG_ENABLE_OBJC_ARC = YES;
				CLANG_ENABLE_OBJC_WEAK = YES;
				CLANG_WARN_BLOCK_CAPTURE_AUTORELEASING = YES;
				CLANG_WARN_BOOL_CONVERSION = YES;
				CLANG_WARN_COMMA = YES;
				CLANG_WARN_CONSTANT_CONVERSION = YES;
				CLANG_WARN_DEPRECATED_OBJC_IMPLEMENTATIONS = YES;
				CLANG_WARN_DIRECT_OBJC_ISA_USAGE = YES_ERROR;
				CLANG_WARN_DOCUMENTATION_COMMENTS = YES;
				CLANG_WARN_EMPTY_BODY = YES;
				CLANG_WARN_ENUM_CONVERSION = YES;
				CLANG_WARN_INFINITE_RECURSION = YES;
				CLANG_WARN_INT_CONVERSION = YES;
				CLANG_WARN_NON_LITERAL_NULL_CONVERSION = YES;
				CLANG_WARN_OBJC_IMPLICIT_RETAIN_SELF = YES;
				CLANG_WARN_OBJC_LITERAL_CONVERSION = YES;
				CLANG_WARN_OBJC_ROOT_CLASS = YES_ERROR;
				CLANG_WARN_QUOTED_INCLUDE_IN_FRAMEWORK_HEADER = YES;
				CLANG_WARN_RANGE_LOOP_ANALYSIS = YES;
				CLANG_WARN_STRICT_PROTOTYPES = YES;
				CLANG_WARN_SUSPICIOUS_MOVE = YES;
				CLANG_WARN_UNGUARDED_AVAILABILITY = YES_AGGRESSIVE;
				CLANG_WARN_UNREACHABLE_CODE = YES;
				CLANG_WARN__DUPLICATE_METHOD_MATCH = YES;
				COPY_PHASE_STRIP = NO;
				CURRENT_PROJECT_VERSION = 1;
				DEBUG_INFORMATION_FORMAT = "dwarf-with-dsym";
				ENABLE_NS_ASSERTIONS = NO;
				ENABLE_STRICT_OBJC_MSGSEND = YES;
				GCC_C_LANGUAGE_STANDARD = gnu11;
				GCC_NO_COMMON_BLOCKS = YES;
				GCC_WARN_64_TO_32_BIT_CONVERSION = YES;
				GCC_WARN_ABOUT_RETURN_TYPE = YES_ERROR;
				GCC_WARN_UNDECLARED_SELECTOR = YES;
				GCC_WARN_UNINITIALIZED_AUTOS = YES_AGGRESSIVE;
				GCC_WARN_UNUSED_FUNCTION = YES;
				GCC_WARN_UNUSED_VARIABLE = YES;
				IPHONEOS_DEPLOYMENT_TARGET = 12.0;
				MTL_ENABLE_DEBUG_INFO = NO;
				MTL_FAST_MATH = YES;
				SDKROOT = iphoneos;
				SUPPORTED_PLATFORMS = "iphonesimulator iphoneos appletvos appletvsimulator";
				SWIFT_COMPILATION_MODE = wholemodule;
				SWIFT_OPTIMIZATION_LEVEL = "-O";
				TARGETED_DEVICE_FAMILY = "1,2,3";
				TVOS_DEPLOYMENT_TARGET = 12.0;
				VALIDATE_PRODUCT = YES;
				VERSIONING_SYSTEM = "apple-generic";
				VERSION_INFO_PREFIX = "";
			};
			name = Release;
		};
		6A82A18D27D65DB4007C023F /* Debug */ = {
			isa = XCBuildConfiguration;
			buildSettings = {
				CLANG_ENABLE_MODULES = YES;
				CODE_SIGN_IDENTITY = "";
				CODE_SIGN_STYLE = Automatic;
				CURRENT_PROJECT_VERSION = 1;
				DEFINES_MODULE = NO;
				DEVELOPMENT_TEAM = AQ93X82PXZ;
				DYLIB_COMPATIBILITY_VERSION = 1;
				DYLIB_CURRENT_VERSION = 1;
				DYLIB_INSTALL_NAME_BASE = "@rpath";
				GENERATE_INFOPLIST_FILE = YES;
				INFOPLIST_KEY_NSHumanReadableCopyright = "";
				INSTALL_PATH = "$(LOCAL_LIBRARY_DIR)/Frameworks";
				IPHONEOS_DEPLOYMENT_TARGET = 12.0;
				LD_RUNPATH_SEARCH_PATHS = (
					"$(inherited)",
					"@executable_path/Frameworks",
					"@loader_path/Frameworks",
				);
				MARKETING_VERSION = 1.0;
				PRODUCT_BUNDLE_IDENTIFIER = com.fingerprintjs.FingerprintJS;
				PRODUCT_NAME = "$(TARGET_NAME:c99extidentifier)";
				SKIP_INSTALL = YES;
				SUPPORTS_MACCATALYST = NO;
				SUPPORTS_MAC_DESIGNED_FOR_IPHONE_IPAD = NO;
				SWIFT_EMIT_LOC_STRINGS = YES;
				SWIFT_OPTIMIZATION_LEVEL = "-Onone";
				SWIFT_VERSION = 5.0;
				TARGETED_DEVICE_FAMILY = "1,2,3";
				TVOS_DEPLOYMENT_TARGET = 12.0;
			};
			name = Debug;
		};
		6A82A18E27D65DB4007C023F /* Release */ = {
			isa = XCBuildConfiguration;
			buildSettings = {
				CLANG_ENABLE_MODULES = YES;
				CODE_SIGN_IDENTITY = "";
				CODE_SIGN_STYLE = Automatic;
				CURRENT_PROJECT_VERSION = 1;
				DEFINES_MODULE = NO;
				DEVELOPMENT_TEAM = AQ93X82PXZ;
				DYLIB_COMPATIBILITY_VERSION = 1;
				DYLIB_CURRENT_VERSION = 1;
				DYLIB_INSTALL_NAME_BASE = "@rpath";
				GENERATE_INFOPLIST_FILE = YES;
				INFOPLIST_KEY_NSHumanReadableCopyright = "";
				INSTALL_PATH = "$(LOCAL_LIBRARY_DIR)/Frameworks";
				IPHONEOS_DEPLOYMENT_TARGET = 12.0;
				LD_RUNPATH_SEARCH_PATHS = (
					"$(inherited)",
					"@executable_path/Frameworks",
					"@loader_path/Frameworks",
				);
				MARKETING_VERSION = 1.0;
				PRODUCT_BUNDLE_IDENTIFIER = com.fingerprintjs.FingerprintJS;
				PRODUCT_NAME = "$(TARGET_NAME:c99extidentifier)";
				SKIP_INSTALL = YES;
				SUPPORTS_MACCATALYST = NO;
				SUPPORTS_MAC_DESIGNED_FOR_IPHONE_IPAD = NO;
				SWIFT_EMIT_LOC_STRINGS = YES;
				SWIFT_VERSION = 5.0;
				TARGETED_DEVICE_FAMILY = "1,2,3";
				TVOS_DEPLOYMENT_TARGET = 12.0;
			};
			name = Release;
		};
		6A82A19027D65DB4007C023F /* Debug */ = {
			isa = XCBuildConfiguration;
			buildSettings = {
				ALWAYS_EMBED_SWIFT_STANDARD_LIBRARIES = YES;
				CODE_SIGN_STYLE = Automatic;
				CURRENT_PROJECT_VERSION = 1;
				DEVELOPMENT_TEAM = AQ93X82PXZ;
				GENERATE_INFOPLIST_FILE = YES;
				MARKETING_VERSION = 1.0;
				PRODUCT_BUNDLE_IDENTIFIER = com.fingerprintjs.FingerprintJSTests;
				PRODUCT_NAME = "$(TARGET_NAME)";
				SUPPORTED_PLATFORMS = "appletvos appletvsimulator iphoneos iphonesimulator";
				SUPPORTS_MACCATALYST = NO;
				SUPPORTS_MAC_DESIGNED_FOR_IPHONE_IPAD = NO;
				SWIFT_EMIT_LOC_STRINGS = NO;
				SWIFT_VERSION = 5.0;
				TARGETED_DEVICE_FAMILY = "1,2,3";
				TVOS_DEPLOYMENT_TARGET = 12.0;
			};
			name = Debug;
		};
		6A82A19127D65DB4007C023F /* Release */ = {
			isa = XCBuildConfiguration;
			buildSettings = {
				ALWAYS_EMBED_SWIFT_STANDARD_LIBRARIES = YES;
				CODE_SIGN_STYLE = Automatic;
				CURRENT_PROJECT_VERSION = 1;
				DEVELOPMENT_TEAM = AQ93X82PXZ;
				GENERATE_INFOPLIST_FILE = YES;
				MARKETING_VERSION = 1.0;
				PRODUCT_BUNDLE_IDENTIFIER = com.fingerprintjs.FingerprintJSTests;
				PRODUCT_NAME = "$(TARGET_NAME)";
				SUPPORTED_PLATFORMS = "appletvos appletvsimulator iphoneos iphonesimulator";
				SUPPORTS_MACCATALYST = NO;
				SUPPORTS_MAC_DESIGNED_FOR_IPHONE_IPAD = NO;
				SWIFT_EMIT_LOC_STRINGS = NO;
				SWIFT_VERSION = 5.0;
				TARGETED_DEVICE_FAMILY = "1,2,3";
				TVOS_DEPLOYMENT_TARGET = 12.0;
			};
			name = Release;
		};
/* End XCBuildConfiguration section */

/* Begin XCConfigurationList section */
		6A0F5C89297898430068BD4D /* Build configuration list for PBXNativeTarget "SystemControlTests" */ = {
			isa = XCConfigurationList;
			buildConfigurations = (
				6A0F5C8A297898430068BD4D /* Debug */,
				6A0F5C8B297898430068BD4D /* Release */,
			);
			defaultConfigurationIsVisible = 0;
			defaultConfigurationName = Release;
		};
		6A2047F72971ACFA008EC677 /* Build configuration list for PBXNativeTarget "SystemControl" */ = {
			isa = XCConfigurationList;
			buildConfigurations = (
				6A2047F82971ACFA008EC677 /* Debug */,
				6A2047F92971ACFA008EC677 /* Release */,
			);
			defaultConfigurationIsVisible = 0;
			defaultConfigurationName = Release;
		};
		6A82A17427D65DB4007C023F /* Build configuration list for PBXProject "FingerprintJS" */ = {
			isa = XCConfigurationList;
			buildConfigurations = (
				6A82A18A27D65DB4007C023F /* Debug */,
				6A82A18B27D65DB4007C023F /* Release */,
			);
			defaultConfigurationIsVisible = 0;
			defaultConfigurationName = Release;
		};
		6A82A18C27D65DB4007C023F /* Build configuration list for PBXNativeTarget "FingerprintJS" */ = {
			isa = XCConfigurationList;
			buildConfigurations = (
				6A82A18D27D65DB4007C023F /* Debug */,
				6A82A18E27D65DB4007C023F /* Release */,
			);
			defaultConfigurationIsVisible = 0;
			defaultConfigurationName = Release;
		};
		6A82A18F27D65DB4007C023F /* Build configuration list for PBXNativeTarget "FingerprintJSTests" */ = {
			isa = XCConfigurationList;
			buildConfigurations = (
				6A82A19027D65DB4007C023F /* Debug */,
				6A82A19127D65DB4007C023F /* Release */,
			);
			defaultConfigurationIsVisible = 0;
			defaultConfigurationName = Release;
		};
/* End XCConfigurationList section */
	};
	rootObject = 6A82A17127D65DB4007C023F /* Project object */;
}
